
Microsoft Visual Studio Solution File, Format Version 12.00
# Visual Studio Version 17
VisualStudioVersion = 17.9.34622.214
MinimumVisualStudioVersion = 10.0.40219.1
Project("{FAE04EC0-301F-11D3-BF4B-00C04F79EFBC}") = "Elmos_COM_Tool", "Elmos_COM_Tool\Elmos_COM_Tool.csproj", "{3763A511-A78C-4019-AE18-4C7CD81785C9}"
EndProject
Project("{2150E333-8FDC-42A3-9474-1A3956D46DE8}") = "52295_CAN_Tool", "52295_CAN_Tool", "{67C16197-F50F-4890-870C-B505A60C373C}"
EndProject
Project("{2150E333-8FDC-42A3-9474-1A3956D46DE8}") = "52294_UCAN_Tool", "52294_UCAN_Tool", "{6C03697C-E1F0-4585-81D3-D18800BC60EF}"
EndProject
Project("{2150E333-8FDC-42A3-9474-1A3956D46DE8}") = "ELMOS 521.38 UART Eval", "ELMOS 521.38 UART Eval", "{51CB2A19-F6BD-4235-B8D1-BFCBD4DE5B22}"
EndProject
Project("{FAE04EC0-301F-11D3-BF4B-00C04F79EFBC}") = "52294_Param_Tool", "94\52294_UCAN_Tool\52294_Param_Tool\52294_Param_Tool.csproj", "{DB0B4E6F-8FB0-41C7-B7B5-9ACDC2EDA759}"
EndProject
Project("{FAE04EC0-301F-11D3-BF4B-00C04F79EFBC}") = "52294_Socket_Master", "94\52294_UCAN_Tool\52294_Socket_Master\52294_Socket_Master.csproj", "{D8B7E978-A397-4AB8-BF06-B092239B9C28}"
EndProject
Project("{FAE04EC0-301F-11D3-BF4B-00C04F79EFBC}") = "52294_UCAN_Tool", "94\52294_UCAN_Tool\52294_UCAN_Tool\52294_UCAN_Tool.csproj", "{BA9E3B97-39CD-46A7-B1C4-176CB911F837}"
EndProject
Project("{FAE04EC0-301F-11D3-BF4B-00C04F79EFBC}") = "Device_52294_Lib", "94\52294_UCAN_Tool\Device_52294_Lib\Device_52294_Lib.csproj", "{0FDD364F-98D0-44FD-B9B8-8CF49C585406}"
EndProject
Project("{FAE04EC0-301F-11D3-BF4B-00C04F79EFBC}") = "ExtensionsLib", "94\52294_UCAN_Tool\ExtensionsLib\ExtensionsLib.csproj", "{23316493-5227-4FC4-9FAE-DFE5AC3D7147}"
EndProject
Project("{FAE04EC0-301F-11D3-BF4B-00C04F79EFBC}") = "FtdiLib", "94\52294_UCAN_Tool\FtdiLib\FtdiLib.csproj", "{1B301412-682A-4C70-BD38-3E81EF79347D}"
EndProject
Project("{FAE04EC0-301F-11D3-BF4B-00C04F79EFBC}") = "LinMasterLib", "94\52294_UCAN_Tool\LinMasterLib\LinMasterLib.csproj", "{393E3683-3875-44D8-97EE-DAAF5DB98F3D}"
EndProject
Project("{FAE04EC0-301F-11D3-BF4B-00C04F79EFBC}") = "MemLib", "94\52294_UCAN_Tool\MemLib\MemLib.csproj", "{D492884B-48ED-4319-967E-9946F08B3270}"
EndProject
Project("{FAE04EC0-301F-11D3-BF4B-00C04F79EFBC}") = "UcanCommLib", "94\52294_UCAN_Tool\UcanCommLib\UcanCommLib.csproj", "{B18361B8-EC2F-49C5-9C18-D9834E71E451}"
EndProject
Project("{FAE04EC0-301F-11D3-BF4B-00C04F79EFBC}") = "52295_CAN_Tool", "95\52295_CAN_Tool_v22\52295_CAN_Tool\52295_CAN_Tool\52295_CAN_Tool.csproj", "{6D58D02C-377A-4C51-8508-8C2E09D41ADF}"
EndProject
Project("{FAE04EC0-301F-11D3-BF4B-00C04F79EFBC}") = "52295_EEPROM_Tool", "95\52295_CAN_Tool_v22\52295_CAN_Tool\52295_EEPROM_Tool\52295_EEPROM_Tool.csproj", "{55855CEC-131F-43A6-8AA9-94649F63B66E}"
EndProject
Project("{FAE04EC0-301F-11D3-BF4B-00C04F79EFBC}") = "Can_Comm_Lib", "95\52295_CAN_Tool_v22\52295_CAN_Tool\Can_Comm_Lib\Can_Comm_Lib.csproj", "{5C7DCA16-15D5-4102-81F2-B223D21AD740}"
EndProject
Project("{FAE04EC0-301F-11D3-BF4B-00C04F79EFBC}") = "Device_52295_Lib", "95\52295_CAN_Tool_v22\52295_CAN_Tool\Device_52295_Lib\Device_52295_Lib.csproj", "{5684B9E2-49EB-4272-BE0A-F80B3FC5701F}"
EndProject
Project("{FAE04EC0-301F-11D3-BF4B-00C04F79EFBC}") = "Gui_Lib", "95\52295_CAN_Tool_v22\52295_CAN_Tool\Gui_Lib\Gui_Lib.csproj", "{BFA91A2A-1BB9-4F85-B8A1-ECF1C8CE84F2}"
EndProject
Project("{FAE04EC0-301F-11D3-BF4B-00C04F79EFBC}") = "PCANBasic_NET", "95\52295_CAN_Tool_v22\52295_CAN_Tool\PCANBasic_NET\PCANBasic_NET.csproj", "{C298951B-2BD1-4374-B192-656AF5DAEDAD}"
EndProject
Project("{FAE04EC0-301F-11D3-BF4B-00C04F79EFBC}") = "ELMOS 521.38 UART Eval", "E52138 eval_tool_R_123\eval_tool_123\ELMOS 521.38 UART Eval\ELMOS 521.38 UART Eval.csproj", "{49CD2E1D-9105-48BE-9EF5-33AA80C7A5AF}"
EndProject
Global
	GlobalSection(SolutionConfigurationPlatforms) = preSolution
		Debug_E52294A|Any CPU = Debug_E52294A|Any CPU
		Debug_E52294A|x64 = Debug_E52294A|x64
		Debug_E52295A|Any CPU = Debug_E52295A|Any CPU
		Debug_E52295A|x64 = Debug_E52295A|x64
		Debug_M52294A|Any CPU = Debug_M52294A|Any CPU
		Debug_M52294A|x64 = Debug_M52294A|x64
		Debug_M52295A|Any CPU = Debug_M52295A|Any CPU
		Debug_M52295A|x64 = Debug_M52295A|x64
		Debug|Any CPU = Debug|Any CPU
		Debug|x64 = Debug|x64
		Release_E52294A|Any CPU = Release_E52294A|Any CPU
		Release_E52294A|x64 = Release_E52294A|x64
		Release_E52295A|Any CPU = Release_E52295A|Any CPU
		Release_E52295A|x64 = Release_E52295A|x64
		Release_M52294A|Any CPU = Release_M52294A|Any CPU
		Release_M52294A|x64 = Release_M52294A|x64
		Release_M52295A|Any CPU = Release_M52295A|Any CPU
		Release_M52295A|x64 = Release_M52295A|x64
		Release|Any CPU = Release|Any CPU
		Release|x64 = Release|x64
	EndGlobalSection
	GlobalSection(ProjectConfigurationPlatforms) = postSolution
		{3763A511-A78C-4019-AE18-4C7CD81785C9}.Debug_E52294A|Any CPU.ActiveCfg = Debug|Any CPU
		{3763A511-A78C-4019-AE18-4C7CD81785C9}.Debug_E52294A|Any CPU.Build.0 = Debug|Any CPU
		{3763A511-A78C-4019-AE18-4C7CD81785C9}.Debug_E52294A|x64.ActiveCfg = Debug|Any CPU
		{3763A511-A78C-4019-AE18-4C7CD81785C9}.Debug_E52294A|x64.Build.0 = Debug|Any CPU
		{3763A511-A78C-4019-AE18-4C7CD81785C9}.Debug_E52295A|Any CPU.ActiveCfg = Debug|Any CPU
		{3763A511-A78C-4019-AE18-4C7CD81785C9}.Debug_E52295A|Any CPU.Build.0 = Debug|Any CPU
		{3763A511-A78C-4019-AE18-4C7CD81785C9}.Debug_E52295A|x64.ActiveCfg = Debug|Any CPU
		{3763A511-A78C-4019-AE18-4C7CD81785C9}.Debug_E52295A|x64.Build.0 = Debug|Any CPU
		{3763A511-A78C-4019-AE18-4C7CD81785C9}.Debug_M52294A|Any CPU.ActiveCfg = Debug|Any CPU
		{3763A511-A78C-4019-AE18-4C7CD81785C9}.Debug_M52294A|Any CPU.Build.0 = Debug|Any CPU
		{3763A511-A78C-4019-AE18-4C7CD81785C9}.Debug_M52294A|x64.ActiveCfg = Debug|Any CPU
		{3763A511-A78C-4019-AE18-4C7CD81785C9}.Debug_M52294A|x64.Build.0 = Debug|Any CPU
		{3763A511-A78C-4019-AE18-4C7CD81785C9}.Debug_M52295A|Any CPU.ActiveCfg = Debug|Any CPU
		{3763A511-A78C-4019-AE18-4C7CD81785C9}.Debug_M52295A|Any CPU.Build.0 = Debug|Any CPU
		{3763A511-A78C-4019-AE18-4C7CD81785C9}.Debug_M52295A|x64.ActiveCfg = Debug|Any CPU
		{3763A511-A78C-4019-AE18-4C7CD81785C9}.Debug_M52295A|x64.Build.0 = Debug|Any CPU
		{3763A511-A78C-4019-AE18-4C7CD81785C9}.Debug|Any CPU.ActiveCfg = Debug|Any CPU
		{3763A511-A78C-4019-AE18-4C7CD81785C9}.Debug|Any CPU.Build.0 = Debug|Any CPU
		{3763A511-A78C-4019-AE18-4C7CD81785C9}.Debug|x64.ActiveCfg = Debug|Any CPU
		{3763A511-A78C-4019-AE18-4C7CD81785C9}.Debug|x64.Build.0 = Debug|Any CPU
		{3763A511-A78C-4019-AE18-4C7CD81785C9}.Release_E52294A|Any CPU.ActiveCfg = Release|Any CPU
		{3763A511-A78C-4019-AE18-4C7CD81785C9}.Release_E52294A|Any CPU.Build.0 = Release|Any CPU
		{3763A511-A78C-4019-AE18-4C7CD81785C9}.Release_E52294A|x64.ActiveCfg = Release|Any CPU
		{3763A511-A78C-4019-AE18-4C7CD81785C9}.Release_E52294A|x64.Build.0 = Release|Any CPU
		{3763A511-A78C-4019-AE18-4C7CD81785C9}.Release_E52295A|Any CPU.ActiveCfg = Release|Any CPU
		{3763A511-A78C-4019-AE18-4C7CD81785C9}.Release_E52295A|Any CPU.Build.0 = Release|Any CPU
		{3763A511-A78C-4019-AE18-4C7CD81785C9}.Release_E52295A|x64.ActiveCfg = Release|Any CPU
		{3763A511-A78C-4019-AE18-4C7CD81785C9}.Release_E52295A|x64.Build.0 = Release|Any CPU
		{3763A511-A78C-4019-AE18-4C7CD81785C9}.Release_M52294A|Any CPU.ActiveCfg = Release|Any CPU
		{3763A511-A78C-4019-AE18-4C7CD81785C9}.Release_M52294A|Any CPU.Build.0 = Release|Any CPU
		{3763A511-A78C-4019-AE18-4C7CD81785C9}.Release_M52294A|x64.ActiveCfg = Release|Any CPU
		{3763A511-A78C-4019-AE18-4C7CD81785C9}.Release_M52294A|x64.Build.0 = Release|Any CPU
		{3763A511-A78C-4019-AE18-4C7CD81785C9}.Release_M52295A|Any CPU.ActiveCfg = Release|Any CPU
		{3763A511-A78C-4019-AE18-4C7CD81785C9}.Release_M52295A|Any CPU.Build.0 = Release|Any CPU
		{3763A511-A78C-4019-AE18-4C7CD81785C9}.Release_M52295A|x64.ActiveCfg = Release|Any CPU
		{3763A511-A78C-4019-AE18-4C7CD81785C9}.Release_M52295A|x64.Build.0 = Release|Any CPU
		{3763A511-A78C-4019-AE18-4C7CD81785C9}.Release|Any CPU.ActiveCfg = Release|Any CPU
		{3763A511-A78C-4019-AE18-4C7CD81785C9}.Release|Any CPU.Build.0 = Release|Any CPU
		{3763A511-A78C-4019-AE18-4C7CD81785C9}.Release|x64.ActiveCfg = Release|Any CPU
		{3763A511-A78C-4019-AE18-4C7CD81785C9}.Release|x64.Build.0 = Release|Any CPU
		{DB0B4E6F-8FB0-41C7-B7B5-9ACDC2EDA759}.Debug_E52294A|Any CPU.ActiveCfg = Debug_E52294A|Any CPU
		{DB0B4E6F-8FB0-41C7-B7B5-9ACDC2EDA759}.Debug_E52294A|Any CPU.Build.0 = Debug_E52294A|Any CPU
		{DB0B4E6F-8FB0-41C7-B7B5-9ACDC2EDA759}.Debug_E52294A|x64.ActiveCfg = Debug_E52294A|Any CPU
		{DB0B4E6F-8FB0-41C7-B7B5-9ACDC2EDA759}.Debug_E52294A|x64.Build.0 = Debug_E52294A|Any CPU
		{DB0B4E6F-8FB0-41C7-B7B5-9ACDC2EDA759}.Debug_E52295A|Any CPU.ActiveCfg = Debug_M52294A|Any CPU
		{DB0B4E6F-8FB0-41C7-B7B5-9ACDC2EDA759}.Debug_E52295A|Any CPU.Build.0 = Debug_M52294A|Any CPU
		{DB0B4E6F-8FB0-41C7-B7B5-9ACDC2EDA759}.Debug_E52295A|x64.ActiveCfg = Debug_M52294A|Any CPU
		{DB0B4E6F-8FB0-41C7-B7B5-9ACDC2EDA759}.Debug_E52295A|x64.Build.0 = Debug_M52294A|Any CPU
		{DB0B4E6F-8FB0-41C7-B7B5-9ACDC2EDA759}.Debug_M52294A|Any CPU.ActiveCfg = Debug_M52294A|Any CPU
		{DB0B4E6F-8FB0-41C7-B7B5-9ACDC2EDA759}.Debug_M52294A|Any CPU.Build.0 = Debug_M52294A|Any CPU
		{DB0B4E6F-8FB0-41C7-B7B5-9ACDC2EDA759}.Debug_M52294A|x64.ActiveCfg = Debug_M52294A|Any CPU
		{DB0B4E6F-8FB0-41C7-B7B5-9ACDC2EDA759}.Debug_M52294A|x64.Build.0 = Debug_M52294A|Any CPU
		{DB0B4E6F-8FB0-41C7-B7B5-9ACDC2EDA759}.Debug_M52295A|Any CPU.ActiveCfg = Debug_M52294A|Any CPU
		{DB0B4E6F-8FB0-41C7-B7B5-9ACDC2EDA759}.Debug_M52295A|Any CPU.Build.0 = Debug_M52294A|Any CPU
		{DB0B4E6F-8FB0-41C7-B7B5-9ACDC2EDA759}.Debug_M52295A|x64.ActiveCfg = Debug_M52294A|Any CPU
		{DB0B4E6F-8FB0-41C7-B7B5-9ACDC2EDA759}.Debug_M52295A|x64.Build.0 = Debug_M52294A|Any CPU
		{DB0B4E6F-8FB0-41C7-B7B5-9ACDC2EDA759}.Debug|Any CPU.ActiveCfg = Debug_M52294A|Any CPU
		{DB0B4E6F-8FB0-41C7-B7B5-9ACDC2EDA759}.Debug|Any CPU.Build.0 = Debug_M52294A|Any CPU
		{DB0B4E6F-8FB0-41C7-B7B5-9ACDC2EDA759}.Debug|x64.ActiveCfg = Debug_M52294A|Any CPU
		{DB0B4E6F-8FB0-41C7-B7B5-9ACDC2EDA759}.Debug|x64.Build.0 = Debug_M52294A|Any CPU
		{DB0B4E6F-8FB0-41C7-B7B5-9ACDC2EDA759}.Release_E52294A|Any CPU.ActiveCfg = Release_E52294A|Any CPU
		{DB0B4E6F-8FB0-41C7-B7B5-9ACDC2EDA759}.Release_E52294A|Any CPU.Build.0 = Release_E52294A|Any CPU
		{DB0B4E6F-8FB0-41C7-B7B5-9ACDC2EDA759}.Release_E52294A|x64.ActiveCfg = Release_E52294A|Any CPU
		{DB0B4E6F-8FB0-41C7-B7B5-9ACDC2EDA759}.Release_E52294A|x64.Build.0 = Release_E52294A|Any CPU
		{DB0B4E6F-8FB0-41C7-B7B5-9ACDC2EDA759}.Release_E52295A|Any CPU.ActiveCfg = Release_M52294A|Any CPU
		{DB0B4E6F-8FB0-41C7-B7B5-9ACDC2EDA759}.Release_E52295A|Any CPU.Build.0 = Release_M52294A|Any CPU
		{DB0B4E6F-8FB0-41C7-B7B5-9ACDC2EDA759}.Release_E52295A|x64.ActiveCfg = Release_M52294A|Any CPU
		{DB0B4E6F-8FB0-41C7-B7B5-9ACDC2EDA759}.Release_E52295A|x64.Build.0 = Release_M52294A|Any CPU
		{DB0B4E6F-8FB0-41C7-B7B5-9ACDC2EDA759}.Release_M52294A|Any CPU.ActiveCfg = Release_M52294A|Any CPU
		{DB0B4E6F-8FB0-41C7-B7B5-9ACDC2EDA759}.Release_M52294A|Any CPU.Build.0 = Release_M52294A|Any CPU
		{DB0B4E6F-8FB0-41C7-B7B5-9ACDC2EDA759}.Release_M52294A|x64.ActiveCfg = Release_M52294A|Any CPU
		{DB0B4E6F-8FB0-41C7-B7B5-9ACDC2EDA759}.Release_M52294A|x64.Build.0 = Release_M52294A|Any CPU
		{DB0B4E6F-8FB0-41C7-B7B5-9ACDC2EDA759}.Release_M52295A|Any CPU.ActiveCfg = Release_M52294A|Any CPU
		{DB0B4E6F-8FB0-41C7-B7B5-9ACDC2EDA759}.Release_M52295A|Any CPU.Build.0 = Release_M52294A|Any CPU
		{DB0B4E6F-8FB0-41C7-B7B5-9ACDC2EDA759}.Release_M52295A|x64.ActiveCfg = Release_M52294A|Any CPU
		{DB0B4E6F-8FB0-41C7-B7B5-9ACDC2EDA759}.Release_M52295A|x64.Build.0 = Release_M52294A|Any CPU
		{DB0B4E6F-8FB0-41C7-B7B5-9ACDC2EDA759}.Release|Any CPU.ActiveCfg = Release_M52294A|Any CPU
		{DB0B4E6F-8FB0-41C7-B7B5-9ACDC2EDA759}.Release|Any CPU.Build.0 = Release_M52294A|Any CPU
		{DB0B4E6F-8FB0-41C7-B7B5-9ACDC2EDA759}.Release|x64.ActiveCfg = Release_M52294A|Any CPU
		{DB0B4E6F-8FB0-41C7-B7B5-9ACDC2EDA759}.Release|x64.Build.0 = Release_M52294A|Any CPU
		{D8B7E978-A397-4AB8-BF06-B092239B9C28}.Debug_E52294A|Any CPU.ActiveCfg = Debug|Any CPU
		{D8B7E978-A397-4AB8-BF06-B092239B9C28}.Debug_E52294A|Any CPU.Build.0 = Debug|Any CPU
		{D8B7E978-A397-4AB8-BF06-B092239B9C28}.Debug_E52294A|x64.ActiveCfg = Debug|Any CPU
		{D8B7E978-A397-4AB8-BF06-B092239B9C28}.Debug_E52294A|x64.Build.0 = Debug|Any CPU
		{D8B7E978-A397-4AB8-BF06-B092239B9C28}.Debug_E52295A|Any CPU.ActiveCfg = Debug|Any CPU
		{D8B7E978-A397-4AB8-BF06-B092239B9C28}.Debug_E52295A|Any CPU.Build.0 = Debug|Any CPU
		{D8B7E978-A397-4AB8-BF06-B092239B9C28}.Debug_E52295A|x64.ActiveCfg = Debug|Any CPU
		{D8B7E978-A397-4AB8-BF06-B092239B9C28}.Debug_E52295A|x64.Build.0 = Debug|Any CPU
		{D8B7E978-A397-4AB8-BF06-B092239B9C28}.Debug_M52294A|Any CPU.ActiveCfg = Debug|Any CPU
		{D8B7E978-A397-4AB8-BF06-B092239B9C28}.Debug_M52294A|Any CPU.Build.0 = Debug|Any CPU
		{D8B7E978-A397-4AB8-BF06-B092239B9C28}.Debug_M52294A|x64.ActiveCfg = Debug|Any CPU
		{D8B7E978-A397-4AB8-BF06-B092239B9C28}.Debug_M52294A|x64.Build.0 = Debug|Any CPU
		{D8B7E978-A397-4AB8-BF06-B092239B9C28}.Debug_M52295A|Any CPU.ActiveCfg = Debug|Any CPU
		{D8B7E978-A397-4AB8-BF06-B092239B9C28}.Debug_M52295A|Any CPU.Build.0 = Debug|Any CPU
		{D8B7E978-A397-4AB8-BF06-B092239B9C28}.Debug_M52295A|x64.ActiveCfg = Debug|Any CPU
		{D8B7E978-A397-4AB8-BF06-B092239B9C28}.Debug_M52295A|x64.Build.0 = Debug|Any CPU
		{D8B7E978-A397-4AB8-BF06-B092239B9C28}.Debug|Any CPU.ActiveCfg = Debug|Any CPU
		{D8B7E978-A397-4AB8-BF06-B092239B9C28}.Debug|Any CPU.Build.0 = Debug|Any CPU
		{D8B7E978-A397-4AB8-BF06-B092239B9C28}.Debug|x64.ActiveCfg = Debug|Any CPU
		{D8B7E978-A397-4AB8-BF06-B092239B9C28}.Debug|x64.Build.0 = Debug|Any CPU
		{D8B7E978-A397-4AB8-BF06-B092239B9C28}.Release_E52294A|Any CPU.ActiveCfg = Release|Any CPU
		{D8B7E978-A397-4AB8-BF06-B092239B9C28}.Release_E52294A|Any CPU.Build.0 = Release|Any CPU
		{D8B7E978-A397-4AB8-BF06-B092239B9C28}.Release_E52294A|x64.ActiveCfg = Release|Any CPU
		{D8B7E978-A397-4AB8-BF06-B092239B9C28}.Release_E52294A|x64.Build.0 = Release|Any CPU
		{D8B7E978-A397-4AB8-BF06-B092239B9C28}.Release_E52295A|Any CPU.ActiveCfg = Release|Any CPU
		{D8B7E978-A397-4AB8-BF06-B092239B9C28}.Release_E52295A|Any CPU.Build.0 = Release|Any CPU
		{D8B7E978-A397-4AB8-BF06-B092239B9C28}.Release_E52295A|x64.ActiveCfg = Release|Any CPU
		{D8B7E978-A397-4AB8-BF06-B092239B9C28}.Release_E52295A|x64.Build.0 = Release|Any CPU
		{D8B7E978-A397-4AB8-BF06-B092239B9C28}.Release_M52294A|Any CPU.ActiveCfg = Release|Any CPU
		{D8B7E978-A397-4AB8-BF06-B092239B9C28}.Release_M52294A|Any CPU.Build.0 = Release|Any CPU
		{D8B7E978-A397-4AB8-BF06-B092239B9C28}.Release_M52294A|x64.ActiveCfg = Release|Any CPU
		{D8B7E978-A397-4AB8-BF06-B092239B9C28}.Release_M52294A|x64.Build.0 = Release|Any CPU
		{D8B7E978-A397-4AB8-BF06-B092239B9C28}.Release_M52295A|Any CPU.ActiveCfg = Release|Any CPU
		{D8B7E978-A397-4AB8-BF06-B092239B9C28}.Release_M52295A|Any CPU.Build.0 = Release|Any CPU
		{D8B7E978-A397-4AB8-BF06-B092239B9C28}.Release_M52295A|x64.ActiveCfg = Release|Any CPU
		{D8B7E978-A397-4AB8-BF06-B092239B9C28}.Release_M52295A|x64.Build.0 = Release|Any CPU
		{D8B7E978-A397-4AB8-BF06-B092239B9C28}.Release|Any CPU.ActiveCfg = Release|Any CPU
		{D8B7E978-A397-4AB8-BF06-B092239B9C28}.Release|Any CPU.Build.0 = Release|Any CPU
		{D8B7E978-A397-4AB8-BF06-B092239B9C28}.Release|x64.ActiveCfg = Release|Any CPU
		{D8B7E978-A397-4AB8-BF06-B092239B9C28}.Release|x64.Build.0 = Release|Any CPU
		{BA9E3B97-39CD-46A7-B1C4-176CB911F837}.Debug_E52294A|Any CPU.ActiveCfg = Debug_E52294A|Any CPU
		{BA9E3B97-39CD-46A7-B1C4-176CB911F837}.Debug_E52294A|Any CPU.Build.0 = Debug_E52294A|Any CPU
		{BA9E3B97-39CD-46A7-B1C4-176CB911F837}.Debug_E52294A|x64.ActiveCfg = Debug_E52294A|Any CPU
		{BA9E3B97-39CD-46A7-B1C4-176CB911F837}.Debug_E52294A|x64.Build.0 = Debug_E52294A|Any CPU
		{BA9E3B97-39CD-46A7-B1C4-176CB911F837}.Debug_E52295A|Any CPU.ActiveCfg = Debug_M52294A|Any CPU
		{BA9E3B97-39CD-46A7-B1C4-176CB911F837}.Debug_E52295A|Any CPU.Build.0 = Debug_M52294A|Any CPU
		{BA9E3B97-39CD-46A7-B1C4-176CB911F837}.Debug_E52295A|x64.ActiveCfg = Debug_M52294A|Any CPU
		{BA9E3B97-39CD-46A7-B1C4-176CB911F837}.Debug_E52295A|x64.Build.0 = Debug_M52294A|Any CPU
		{BA9E3B97-39CD-46A7-B1C4-176CB911F837}.Debug_M52294A|Any CPU.ActiveCfg = Debug_M52294A|Any CPU
		{BA9E3B97-39CD-46A7-B1C4-176CB911F837}.Debug_M52294A|Any CPU.Build.0 = Debug_M52294A|Any CPU
		{BA9E3B97-39CD-46A7-B1C4-176CB911F837}.Debug_M52294A|x64.ActiveCfg = Debug_M52294A|Any CPU
		{BA9E3B97-39CD-46A7-B1C4-176CB911F837}.Debug_M52294A|x64.Build.0 = Debug_M52294A|Any CPU
		{BA9E3B97-39CD-46A7-B1C4-176CB911F837}.Debug_M52295A|Any CPU.ActiveCfg = Debug_M52294A|Any CPU
		{BA9E3B97-39CD-46A7-B1C4-176CB911F837}.Debug_M52295A|Any CPU.Build.0 = Debug_M52294A|Any CPU
		{BA9E3B97-39CD-46A7-B1C4-176CB911F837}.Debug_M52295A|x64.ActiveCfg = Debug_M52294A|Any CPU
		{BA9E3B97-39CD-46A7-B1C4-176CB911F837}.Debug_M52295A|x64.Build.0 = Debug_M52294A|Any CPU
		{BA9E3B97-39CD-46A7-B1C4-176CB911F837}.Debug|Any CPU.ActiveCfg = Debug_M52294A|Any CPU
		{BA9E3B97-39CD-46A7-B1C4-176CB911F837}.Debug|Any CPU.Build.0 = Debug_M52294A|Any CPU
		{BA9E3B97-39CD-46A7-B1C4-176CB911F837}.Debug|x64.ActiveCfg = Debug_M52294A|Any CPU
		{BA9E3B97-39CD-46A7-B1C4-176CB911F837}.Debug|x64.Build.0 = Debug_M52294A|Any CPU
		{BA9E3B97-39CD-46A7-B1C4-176CB911F837}.Release_E52294A|Any CPU.ActiveCfg = Release_E52294A|Any CPU
		{BA9E3B97-39CD-46A7-B1C4-176CB911F837}.Release_E52294A|Any CPU.Build.0 = Release_E52294A|Any CPU
		{BA9E3B97-39CD-46A7-B1C4-176CB911F837}.Release_E52294A|x64.ActiveCfg = Release_E52294A|Any CPU
		{BA9E3B97-39CD-46A7-B1C4-176CB911F837}.Release_E52294A|x64.Build.0 = Release_E52294A|Any CPU
		{BA9E3B97-39CD-46A7-B1C4-176CB911F837}.Release_E52295A|Any CPU.ActiveCfg = Release_M52294A|Any CPU
		{BA9E3B97-39CD-46A7-B1C4-176CB911F837}.Release_E52295A|Any CPU.Build.0 = Release_M52294A|Any CPU
		{BA9E3B97-39CD-46A7-B1C4-176CB911F837}.Release_E52295A|x64.ActiveCfg = Release_M52294A|Any CPU
		{BA9E3B97-39CD-46A7-B1C4-176CB911F837}.Release_E52295A|x64.Build.0 = Release_M52294A|Any CPU
		{BA9E3B97-39CD-46A7-B1C4-176CB911F837}.Release_M52294A|Any CPU.ActiveCfg = Release_M52294A|Any CPU
		{BA9E3B97-39CD-46A7-B1C4-176CB911F837}.Release_M52294A|Any CPU.Build.0 = Release_M52294A|Any CPU
		{BA9E3B97-39CD-46A7-B1C4-176CB911F837}.Release_M52294A|x64.ActiveCfg = Release_M52294A|Any CPU
		{BA9E3B97-39CD-46A7-B1C4-176CB911F837}.Release_M52294A|x64.Build.0 = Release_M52294A|Any CPU
		{BA9E3B97-39CD-46A7-B1C4-176CB911F837}.Release_M52295A|Any CPU.ActiveCfg = Release_M52294A|Any CPU
		{BA9E3B97-39CD-46A7-B1C4-176CB911F837}.Release_M52295A|Any CPU.Build.0 = Release_M52294A|Any CPU
		{BA9E3B97-39CD-46A7-B1C4-176CB911F837}.Release_M52295A|x64.ActiveCfg = Release_M52294A|Any CPU
		{BA9E3B97-39CD-46A7-B1C4-176CB911F837}.Release_M52295A|x64.Build.0 = Release_M52294A|Any CPU
		{BA9E3B97-39CD-46A7-B1C4-176CB911F837}.Release|Any CPU.ActiveCfg = Release_M52294A|Any CPU
		{BA9E3B97-39CD-46A7-B1C4-176CB911F837}.Release|Any CPU.Build.0 = Release_M52294A|Any CPU
		{BA9E3B97-39CD-46A7-B1C4-176CB911F837}.Release|x64.ActiveCfg = Release_M52294A|Any CPU
		{BA9E3B97-39CD-46A7-B1C4-176CB911F837}.Release|x64.Build.0 = Release_M52294A|Any CPU
		{0FDD364F-98D0-44FD-B9B8-8CF49C585406}.Debug_E52294A|Any CPU.ActiveCfg = Debug|Any CPU
		{0FDD364F-98D0-44FD-B9B8-8CF49C585406}.Debug_E52294A|Any CPU.Build.0 = Debug|Any CPU
		{0FDD364F-98D0-44FD-B9B8-8CF49C585406}.Debug_E52294A|x64.ActiveCfg = Debug|Any CPU
		{0FDD364F-98D0-44FD-B9B8-8CF49C585406}.Debug_E52294A|x64.Build.0 = Debug|Any CPU
		{0FDD364F-98D0-44FD-B9B8-8CF49C585406}.Debug_E52295A|Any CPU.ActiveCfg = Debug|Any CPU
		{0FDD364F-98D0-44FD-B9B8-8CF49C585406}.Debug_E52295A|Any CPU.Build.0 = Debug|Any CPU
		{0FDD364F-98D0-44FD-B9B8-8CF49C585406}.Debug_E52295A|x64.ActiveCfg = Debug|Any CPU
		{0FDD364F-98D0-44FD-B9B8-8CF49C585406}.Debug_E52295A|x64.Build.0 = Debug|Any CPU
		{0FDD364F-98D0-44FD-B9B8-8CF49C585406}.Debug_M52294A|Any CPU.ActiveCfg = Debug|Any CPU
		{0FDD364F-98D0-44FD-B9B8-8CF49C585406}.Debug_M52294A|Any CPU.Build.0 = Debug|Any CPU
		{0FDD364F-98D0-44FD-B9B8-8CF49C585406}.Debug_M52294A|x64.ActiveCfg = Debug|Any CPU
		{0FDD364F-98D0-44FD-B9B8-8CF49C585406}.Debug_M52294A|x64.Build.0 = Debug|Any CPU
		{0FDD364F-98D0-44FD-B9B8-8CF49C585406}.Debug_M52295A|Any CPU.ActiveCfg = Debug|Any CPU
		{0FDD364F-98D0-44FD-B9B8-8CF49C585406}.Debug_M52295A|Any CPU.Build.0 = Debug|Any CPU
		{0FDD364F-98D0-44FD-B9B8-8CF49C585406}.Debug_M52295A|x64.ActiveCfg = Debug|Any CPU
		{0FDD364F-98D0-44FD-B9B8-8CF49C585406}.Debug_M52295A|x64.Build.0 = Debug|Any CPU
		{0FDD364F-98D0-44FD-B9B8-8CF49C585406}.Debug|Any CPU.ActiveCfg = Debug|Any CPU
		{0FDD364F-98D0-44FD-B9B8-8CF49C585406}.Debug|Any CPU.Build.0 = Debug|Any CPU
		{0FDD364F-98D0-44FD-B9B8-8CF49C585406}.Debug|x64.ActiveCfg = Debug|Any CPU
		{0FDD364F-98D0-44FD-B9B8-8CF49C585406}.Debug|x64.Build.0 = Debug|Any CPU
		{0FDD364F-98D0-44FD-B9B8-8CF49C585406}.Release_E52294A|Any CPU.ActiveCfg = Release|Any CPU
		{0FDD364F-98D0-44FD-B9B8-8CF49C585406}.Release_E52294A|Any CPU.Build.0 = Release|Any CPU
		{0FDD364F-98D0-44FD-B9B8-8CF49C585406}.Release_E52294A|x64.ActiveCfg = Release|Any CPU
		{0FDD364F-98D0-44FD-B9B8-8CF49C585406}.Release_E52294A|x64.Build.0 = Release|Any CPU
		{0FDD364F-98D0-44FD-B9B8-8CF49C585406}.Release_E52295A|Any CPU.ActiveCfg = Release|Any CPU
		{0FDD364F-98D0-44FD-B9B8-8CF49C585406}.Release_E52295A|Any CPU.Build.0 = Release|Any CPU
		{0FDD364F-98D0-44FD-B9B8-8CF49C585406}.Release_E52295A|x64.ActiveCfg = Release|Any CPU
		{0FDD364F-98D0-44FD-B9B8-8CF49C585406}.Release_E52295A|x64.Build.0 = Release|Any CPU
		{0FDD364F-98D0-44FD-B9B8-8CF49C585406}.Release_M52294A|Any CPU.ActiveCfg = Release|Any CPU
		{0FDD364F-98D0-44FD-B9B8-8CF49C585406}.Release_M52294A|Any CPU.Build.0 = Release|Any CPU
		{0FDD364F-98D0-44FD-B9B8-8CF49C585406}.Release_M52294A|x64.ActiveCfg = Release|Any CPU
		{0FDD364F-98D0-44FD-B9B8-8CF49C585406}.Release_M52294A|x64.Build.0 = Release|Any CPU
		{0FDD364F-98D0-44FD-B9B8-8CF49C585406}.Release_M52295A|Any CPU.ActiveCfg = Release|Any CPU
		{0FDD364F-98D0-44FD-B9B8-8CF49C585406}.Release_M52295A|Any CPU.Build.0 = Release|Any CPU
		{0FDD364F-98D0-44FD-B9B8-8CF49C585406}.Release_M52295A|x64.ActiveCfg = Release|Any CPU
		{0FDD364F-98D0-44FD-B9B8-8CF49C585406}.Release_M52295A|x64.Build.0 = Release|Any CPU
		{0FDD364F-98D0-44FD-B9B8-8CF49C585406}.Release|Any CPU.ActiveCfg = Release|Any CPU
		{0FDD364F-98D0-44FD-B9B8-8CF49C585406}.Release|Any CPU.Build.0 = Release|Any CPU
		{0FDD364F-98D0-44FD-B9B8-8CF49C585406}.Release|x64.ActiveCfg = Release|Any CPU
		{0FDD364F-98D0-44FD-B9B8-8CF49C585406}.Release|x64.Build.0 = Release|Any CPU
		{23316493-5227-4FC4-9FAE-DFE5AC3D7147}.Debug_E52294A|Any CPU.ActiveCfg = Debug|Any CPU
		{23316493-5227-4FC4-9FAE-DFE5AC3D7147}.Debug_E52294A|Any CPU.Build.0 = Debug|Any CPU
		{23316493-5227-4FC4-9FAE-DFE5AC3D7147}.Debug_E52294A|x64.ActiveCfg = Debug|Any CPU
		{23316493-5227-4FC4-9FAE-DFE5AC3D7147}.Debug_E52294A|x64.Build.0 = Debug|Any CPU
		{23316493-5227-4FC4-9FAE-DFE5AC3D7147}.Debug_E52295A|Any CPU.ActiveCfg = Debug|Any CPU
		{23316493-5227-4FC4-9FAE-DFE5AC3D7147}.Debug_E52295A|Any CPU.Build.0 = Debug|Any CPU
		{23316493-5227-4FC4-9FAE-DFE5AC3D7147}.Debug_E52295A|x64.ActiveCfg = Debug|Any CPU
		{23316493-5227-4FC4-9FAE-DFE5AC3D7147}.Debug_E52295A|x64.Build.0 = Debug|Any CPU
		{23316493-5227-4FC4-9FAE-DFE5AC3D7147}.Debug_M52294A|Any CPU.ActiveCfg = Debug|Any CPU
		{23316493-5227-4FC4-9FAE-DFE5AC3D7147}.Debug_M52294A|Any CPU.Build.0 = Debug|Any CPU
		{23316493-5227-4FC4-9FAE-DFE5AC3D7147}.Debug_M52294A|x64.ActiveCfg = Debug|Any CPU
		{23316493-5227-4FC4-9FAE-DFE5AC3D7147}.Debug_M52294A|x64.Build.0 = Debug|Any CPU
		{23316493-5227-4FC4-9FAE-DFE5AC3D7147}.Debug_M52295A|Any CPU.ActiveCfg = Debug|Any CPU
		{23316493-5227-4FC4-9FAE-DFE5AC3D7147}.Debug_M52295A|Any CPU.Build.0 = Debug|Any CPU
		{23316493-5227-4FC4-9FAE-DFE5AC3D7147}.Debug_M52295A|x64.ActiveCfg = Debug|Any CPU
		{23316493-5227-4FC4-9FAE-DFE5AC3D7147}.Debug_M52295A|x64.Build.0 = Debug|Any CPU
		{23316493-5227-4FC4-9FAE-DFE5AC3D7147}.Debug|Any CPU.ActiveCfg = Debug|Any CPU
		{23316493-5227-4FC4-9FAE-DFE5AC3D7147}.Debug|Any CPU.Build.0 = Debug|Any CPU
		{23316493-5227-4FC4-9FAE-DFE5AC3D7147}.Debug|x64.ActiveCfg = Debug|Any CPU
		{23316493-5227-4FC4-9FAE-DFE5AC3D7147}.Debug|x64.Build.0 = Debug|Any CPU
		{23316493-5227-4FC4-9FAE-DFE5AC3D7147}.Release_E52294A|Any CPU.ActiveCfg = Release|Any CPU
		{23316493-5227-4FC4-9FAE-DFE5AC3D7147}.Release_E52294A|Any CPU.Build.0 = Release|Any CPU
		{23316493-5227-4FC4-9FAE-DFE5AC3D7147}.Release_E52294A|x64.ActiveCfg = Release|Any CPU
		{23316493-5227-4FC4-9FAE-DFE5AC3D7147}.Release_E52294A|x64.Build.0 = Release|Any CPU
		{23316493-5227-4FC4-9FAE-DFE5AC3D7147}.Release_E52295A|Any CPU.ActiveCfg = Release|Any CPU
		{23316493-5227-4FC4-9FAE-DFE5AC3D7147}.Release_E52295A|Any CPU.Build.0 = Release|Any CPU
		{23316493-5227-4FC4-9FAE-DFE5AC3D7147}.Release_E52295A|x64.ActiveCfg = Release|Any CPU
		{23316493-5227-4FC4-9FAE-DFE5AC3D7147}.Release_E52295A|x64.Build.0 = Release|Any CPU
		{23316493-5227-4FC4-9FAE-DFE5AC3D7147}.Release_M52294A|Any CPU.ActiveCfg = Release|Any CPU
		{23316493-5227-4FC4-9FAE-DFE5AC3D7147}.Release_M52294A|Any CPU.Build.0 = Release|Any CPU
		{23316493-5227-4FC4-9FAE-DFE5AC3D7147}.Release_M52294A|x64.ActiveCfg = Release|Any CPU
		{23316493-5227-4FC4-9FAE-DFE5AC3D7147}.Release_M52294A|x64.Build.0 = Release|Any CPU
		{23316493-5227-4FC4-9FAE-DFE5AC3D7147}.Release_M52295A|Any CPU.ActiveCfg = Release|Any CPU
		{23316493-5227-4FC4-9FAE-DFE5AC3D7147}.Release_M52295A|Any CPU.Build.0 = Release|Any CPU
		{23316493-5227-4FC4-9FAE-DFE5AC3D7147}.Release_M52295A|x64.ActiveCfg = Release|Any CPU
		{23316493-5227-4FC4-9FAE-DFE5AC3D7147}.Release_M52295A|x64.Build.0 = Release|Any CPU
		{23316493-5227-4FC4-9FAE-DFE5AC3D7147}.Release|Any CPU.ActiveCfg = Release|Any CPU
		{23316493-5227-4FC4-9FAE-DFE5AC3D7147}.Release|Any CPU.Build.0 = Release|Any CPU
		{23316493-5227-4FC4-9FAE-DFE5AC3D7147}.Release|x64.ActiveCfg = Release|Any CPU
		{23316493-5227-4FC4-9FAE-DFE5AC3D7147}.Release|x64.Build.0 = Release|Any CPU
		{1B301412-682A-4C70-BD38-3E81EF79347D}.Debug_E52294A|Any CPU.ActiveCfg = Debug|Any CPU
		{1B301412-682A-4C70-BD38-3E81EF79347D}.Debug_E52294A|Any CPU.Build.0 = Debug|Any CPU
		{1B301412-682A-4C70-BD38-3E81EF79347D}.Debug_E52294A|x64.ActiveCfg = Debug|Any CPU
		{1B301412-682A-4C70-BD38-3E81EF79347D}.Debug_E52294A|x64.Build.0 = Debug|Any CPU
		{1B301412-682A-4C70-BD38-3E81EF79347D}.Debug_E52295A|Any CPU.ActiveCfg = Debug|Any CPU
		{1B301412-682A-4C70-BD38-3E81EF79347D}.Debug_E52295A|Any CPU.Build.0 = Debug|Any CPU
		{1B301412-682A-4C70-BD38-3E81EF79347D}.Debug_E52295A|x64.ActiveCfg = Debug|Any CPU
		{1B301412-682A-4C70-BD38-3E81EF79347D}.Debug_E52295A|x64.Build.0 = Debug|Any CPU
		{1B301412-682A-4C70-BD38-3E81EF79347D}.Debug_M52294A|Any CPU.ActiveCfg = Debug|Any CPU
		{1B301412-682A-4C70-BD38-3E81EF79347D}.Debug_M52294A|Any CPU.Build.0 = Debug|Any CPU
		{1B301412-682A-4C70-BD38-3E81EF79347D}.Debug_M52294A|x64.ActiveCfg = Debug|Any CPU
		{1B301412-682A-4C70-BD38-3E81EF79347D}.Debug_M52294A|x64.Build.0 = Debug|Any CPU
		{1B301412-682A-4C70-BD38-3E81EF79347D}.Debug_M52295A|Any CPU.ActiveCfg = Debug|Any CPU
		{1B301412-682A-4C70-BD38-3E81EF79347D}.Debug_M52295A|Any CPU.Build.0 = Debug|Any CPU
		{1B301412-682A-4C70-BD38-3E81EF79347D}.Debug_M52295A|x64.ActiveCfg = Debug|Any CPU
		{1B301412-682A-4C70-BD38-3E81EF79347D}.Debug_M52295A|x64.Build.0 = Debug|Any CPU
		{1B301412-682A-4C70-BD38-3E81EF79347D}.Debug|Any CPU.ActiveCfg = Debug|Any CPU
		{1B301412-682A-4C70-BD38-3E81EF79347D}.Debug|Any CPU.Build.0 = Debug|Any CPU
		{1B301412-682A-4C70-BD38-3E81EF79347D}.Debug|x64.ActiveCfg = Debug|Any CPU
		{1B301412-682A-4C70-BD38-3E81EF79347D}.Debug|x64.Build.0 = Debug|Any CPU
		{1B301412-682A-4C70-BD38-3E81EF79347D}.Release_E52294A|Any CPU.ActiveCfg = Release|Any CPU
		{1B301412-682A-4C70-BD38-3E81EF79347D}.Release_E52294A|Any CPU.Build.0 = Release|Any CPU
		{1B301412-682A-4C70-BD38-3E81EF79347D}.Release_E52294A|x64.ActiveCfg = Release|Any CPU
		{1B301412-682A-4C70-BD38-3E81EF79347D}.Release_E52294A|x64.Build.0 = Release|Any CPU
		{1B301412-682A-4C70-BD38-3E81EF79347D}.Release_E52295A|Any CPU.ActiveCfg = Release|Any CPU
		{1B301412-682A-4C70-BD38-3E81EF79347D}.Release_E52295A|Any CPU.Build.0 = Release|Any CPU
		{1B301412-682A-4C70-BD38-3E81EF79347D}.Release_E52295A|x64.ActiveCfg = Release|Any CPU
		{1B301412-682A-4C70-BD38-3E81EF79347D}.Release_E52295A|x64.Build.0 = Release|Any CPU
		{1B301412-682A-4C70-BD38-3E81EF79347D}.Release_M52294A|Any CPU.ActiveCfg = Release|Any CPU
		{1B301412-682A-4C70-BD38-3E81EF79347D}.Release_M52294A|Any CPU.Build.0 = Release|Any CPU
		{1B301412-682A-4C70-BD38-3E81EF79347D}.Release_M52294A|x64.ActiveCfg = Release|Any CPU
		{1B301412-682A-4C70-BD38-3E81EF79347D}.Release_M52294A|x64.Build.0 = Release|Any CPU
		{1B301412-682A-4C70-BD38-3E81EF79347D}.Release_M52295A|Any CPU.ActiveCfg = Release|Any CPU
		{1B301412-682A-4C70-BD38-3E81EF79347D}.Release_M52295A|Any CPU.Build.0 = Release|Any CPU
		{1B301412-682A-4C70-BD38-3E81EF79347D}.Release_M52295A|x64.ActiveCfg = Release|Any CPU
		{1B301412-682A-4C70-BD38-3E81EF79347D}.Release_M52295A|x64.Build.0 = Release|Any CPU
		{1B301412-682A-4C70-BD38-3E81EF79347D}.Release|Any CPU.ActiveCfg = Release|Any CPU
		{1B301412-682A-4C70-BD38-3E81EF79347D}.Release|Any CPU.Build.0 = Release|Any CPU
		{1B301412-682A-4C70-BD38-3E81EF79347D}.Release|x64.ActiveCfg = Release|Any CPU
		{1B301412-682A-4C70-BD38-3E81EF79347D}.Release|x64.Build.0 = Release|Any CPU
		{393E3683-3875-44D8-97EE-DAAF5DB98F3D}.Debug_E52294A|Any CPU.ActiveCfg = Debug|Any CPU
		{393E3683-3875-44D8-97EE-DAAF5DB98F3D}.Debug_E52294A|Any CPU.Build.0 = Debug|Any CPU
		{393E3683-3875-44D8-97EE-DAAF5DB98F3D}.Debug_E52294A|x64.ActiveCfg = Debug|Any CPU
		{393E3683-3875-44D8-97EE-DAAF5DB98F3D}.Debug_E52294A|x64.Build.0 = Debug|Any CPU
		{393E3683-3875-44D8-97EE-DAAF5DB98F3D}.Debug_E52295A|Any CPU.ActiveCfg = Debug|Any CPU
		{393E3683-3875-44D8-97EE-DAAF5DB98F3D}.Debug_E52295A|Any CPU.Build.0 = Debug|Any CPU
		{393E3683-3875-44D8-97EE-DAAF5DB98F3D}.Debug_E52295A|x64.ActiveCfg = Debug|Any CPU
		{393E3683-3875-44D8-97EE-DAAF5DB98F3D}.Debug_E52295A|x64.Build.0 = Debug|Any CPU
		{393E3683-3875-44D8-97EE-DAAF5DB98F3D}.Debug_M52294A|Any CPU.ActiveCfg = Debug|Any CPU
		{393E3683-3875-44D8-97EE-DAAF5DB98F3D}.Debug_M52294A|Any CPU.Build.0 = Debug|Any CPU
		{393E3683-3875-44D8-97EE-DAAF5DB98F3D}.Debug_M52294A|x64.ActiveCfg = Debug|Any CPU
		{393E3683-3875-44D8-97EE-DAAF5DB98F3D}.Debug_M52294A|x64.Build.0 = Debug|Any CPU
		{393E3683-3875-44D8-97EE-DAAF5DB98F3D}.Debug_M52295A|Any CPU.ActiveCfg = Debug|Any CPU
		{393E3683-3875-44D8-97EE-DAAF5DB98F3D}.Debug_M52295A|Any CPU.Build.0 = Debug|Any CPU
		{393E3683-3875-44D8-97EE-DAAF5DB98F3D}.Debug_M52295A|x64.ActiveCfg = Debug|Any CPU
		{393E3683-3875-44D8-97EE-DAAF5DB98F3D}.Debug_M52295A|x64.Build.0 = Debug|Any CPU
		{393E3683-3875-44D8-97EE-DAAF5DB98F3D}.Debug|Any CPU.ActiveCfg = Debug|Any CPU
		{393E3683-3875-44D8-97EE-DAAF5DB98F3D}.Debug|Any CPU.Build.0 = Debug|Any CPU
		{393E3683-3875-44D8-97EE-DAAF5DB98F3D}.Debug|x64.ActiveCfg = Debug|Any CPU
		{393E3683-3875-44D8-97EE-DAAF5DB98F3D}.Debug|x64.Build.0 = Debug|Any CPU
		{393E3683-3875-44D8-97EE-DAAF5DB98F3D}.Release_E52294A|Any CPU.ActiveCfg = Release|Any CPU
		{393E3683-3875-44D8-97EE-DAAF5DB98F3D}.Release_E52294A|Any CPU.Build.0 = Release|Any CPU
		{393E3683-3875-44D8-97EE-DAAF5DB98F3D}.Release_E52294A|x64.ActiveCfg = Release|Any CPU
		{393E3683-3875-44D8-97EE-DAAF5DB98F3D}.Release_E52294A|x64.Build.0 = Release|Any CPU
		{393E3683-3875-44D8-97EE-DAAF5DB98F3D}.Release_E52295A|Any CPU.ActiveCfg = Release|Any CPU
		{393E3683-3875-44D8-97EE-DAAF5DB98F3D}.Release_E52295A|Any CPU.Build.0 = Release|Any CPU
		{393E3683-3875-44D8-97EE-DAAF5DB98F3D}.Release_E52295A|x64.ActiveCfg = Release|Any CPU
		{393E3683-3875-44D8-97EE-DAAF5DB98F3D}.Release_E52295A|x64.Build.0 = Release|Any CPU
		{393E3683-3875-44D8-97EE-DAAF5DB98F3D}.Release_M52294A|Any CPU.ActiveCfg = Release|Any CPU
		{393E3683-3875-44D8-97EE-DAAF5DB98F3D}.Release_M52294A|Any CPU.Build.0 = Release|Any CPU
		{393E3683-3875-44D8-97EE-DAAF5DB98F3D}.Release_M52294A|x64.ActiveCfg = Release|Any CPU
		{393E3683-3875-44D8-97EE-DAAF5DB98F3D}.Release_M52294A|x64.Build.0 = Release|Any CPU
		{393E3683-3875-44D8-97EE-DAAF5DB98F3D}.Release_M52295A|Any CPU.ActiveCfg = Release|Any CPU
		{393E3683-3875-44D8-97EE-DAAF5DB98F3D}.Release_M52295A|Any CPU.Build.0 = Release|Any CPU
		{393E3683-3875-44D8-97EE-DAAF5DB98F3D}.Release_M52295A|x64.ActiveCfg = Release|Any CPU
		{393E3683-3875-44D8-97EE-DAAF5DB98F3D}.Release_M52295A|x64.Build.0 = Release|Any CPU
		{393E3683-3875-44D8-97EE-DAAF5DB98F3D}.Release|Any CPU.ActiveCfg = Release|Any CPU
		{393E3683-3875-44D8-97EE-DAAF5DB98F3D}.Release|Any CPU.Build.0 = Release|Any CPU
		{393E3683-3875-44D8-97EE-DAAF5DB98F3D}.Release|x64.ActiveCfg = Release|Any CPU
		{393E3683-3875-44D8-97EE-DAAF5DB98F3D}.Release|x64.Build.0 = Release|Any CPU
		{D492884B-48ED-4319-967E-9946F08B3270}.Debug_E52294A|Any CPU.ActiveCfg = Debug|Any CPU
		{D492884B-48ED-4319-967E-9946F08B3270}.Debug_E52294A|Any CPU.Build.0 = Debug|Any CPU
		{D492884B-48ED-4319-967E-9946F08B3270}.Debug_E52294A|x64.ActiveCfg = Debug|Any CPU
		{D492884B-48ED-4319-967E-9946F08B3270}.Debug_E52294A|x64.Build.0 = Debug|Any CPU
		{D492884B-48ED-4319-967E-9946F08B3270}.Debug_E52295A|Any CPU.ActiveCfg = Debug|Any CPU
		{D492884B-48ED-4319-967E-9946F08B3270}.Debug_E52295A|Any CPU.Build.0 = Debug|Any CPU
		{D492884B-48ED-4319-967E-9946F08B3270}.Debug_E52295A|x64.ActiveCfg = Debug|Any CPU
		{D492884B-48ED-4319-967E-9946F08B3270}.Debug_E52295A|x64.Build.0 = Debug|Any CPU
		{D492884B-48ED-4319-967E-9946F08B3270}.Debug_M52294A|Any CPU.ActiveCfg = Debug|Any CPU
		{D492884B-48ED-4319-967E-9946F08B3270}.Debug_M52294A|Any CPU.Build.0 = Debug|Any CPU
		{D492884B-48ED-4319-967E-9946F08B3270}.Debug_M52294A|x64.ActiveCfg = Debug|Any CPU
		{D492884B-48ED-4319-967E-9946F08B3270}.Debug_M52294A|x64.Build.0 = Debug|Any CPU
		{D492884B-48ED-4319-967E-9946F08B3270}.Debug_M52295A|Any CPU.ActiveCfg = Debug|Any CPU
		{D492884B-48ED-4319-967E-9946F08B3270}.Debug_M52295A|Any CPU.Build.0 = Debug|Any CPU
		{D492884B-48ED-4319-967E-9946F08B3270}.Debug_M52295A|x64.ActiveCfg = Debug|Any CPU
		{D492884B-48ED-4319-967E-9946F08B3270}.Debug_M52295A|x64.Build.0 = Debug|Any CPU
		{D492884B-48ED-4319-967E-9946F08B3270}.Debug|Any CPU.ActiveCfg = Debug|Any CPU
		{D492884B-48ED-4319-967E-9946F08B3270}.Debug|Any CPU.Build.0 = Debug|Any CPU
		{D492884B-48ED-4319-967E-9946F08B3270}.Debug|x64.ActiveCfg = Debug|Any CPU
		{D492884B-48ED-4319-967E-9946F08B3270}.Debug|x64.Build.0 = Debug|Any CPU
		{D492884B-48ED-4319-967E-9946F08B3270}.Release_E52294A|Any CPU.ActiveCfg = Release|Any CPU
		{D492884B-48ED-4319-967E-9946F08B3270}.Release_E52294A|Any CPU.Build.0 = Release|Any CPU
		{D492884B-48ED-4319-967E-9946F08B3270}.Release_E52294A|x64.ActiveCfg = Release|Any CPU
		{D492884B-48ED-4319-967E-9946F08B3270}.Release_E52294A|x64.Build.0 = Release|Any CPU
		{D492884B-48ED-4319-967E-9946F08B3270}.Release_E52295A|Any CPU.ActiveCfg = Release|Any CPU
		{D492884B-48ED-4319-967E-9946F08B3270}.Release_E52295A|Any CPU.Build.0 = Release|Any CPU
		{D492884B-48ED-4319-967E-9946F08B3270}.Release_E52295A|x64.ActiveCfg = Release|Any CPU
		{D492884B-48ED-4319-967E-9946F08B3270}.Release_E52295A|x64.Build.0 = Release|Any CPU
		{D492884B-48ED-4319-967E-9946F08B3270}.Release_M52294A|Any CPU.ActiveCfg = Release|Any CPU
		{D492884B-48ED-4319-967E-9946F08B3270}.Release_M52294A|Any CPU.Build.0 = Release|Any CPU
		{D492884B-48ED-4319-967E-9946F08B3270}.Release_M52294A|x64.ActiveCfg = Release|Any CPU
		{D492884B-48ED-4319-967E-9946F08B3270}.Release_M52294A|x64.Build.0 = Release|Any CPU
		{D492884B-48ED-4319-967E-9946F08B3270}.Release_M52295A|Any CPU.ActiveCfg = Release|Any CPU
		{D492884B-48ED-4319-967E-9946F08B3270}.Release_M52295A|Any CPU.Build.0 = Release|Any CPU
		{D492884B-48ED-4319-967E-9946F08B3270}.Release_M52295A|x64.ActiveCfg = Release|Any CPU
		{D492884B-48ED-4319-967E-9946F08B3270}.Release_M52295A|x64.Build.0 = Release|Any CPU
		{D492884B-48ED-4319-967E-9946F08B3270}.Release|Any CPU.ActiveCfg = Release|Any CPU
		{D492884B-48ED-4319-967E-9946F08B3270}.Release|Any CPU.Build.0 = Release|Any CPU
		{D492884B-48ED-4319-967E-9946F08B3270}.Release|x64.ActiveCfg = Release|Any CPU
		{D492884B-48ED-4319-967E-9946F08B3270}.Release|x64.Build.0 = Release|Any CPU
		{B18361B8-EC2F-49C5-9C18-D9834E71E451}.Debug_E52294A|Any CPU.ActiveCfg = Debug|Any CPU
		{B18361B8-EC2F-49C5-9C18-D9834E71E451}.Debug_E52294A|Any CPU.Build.0 = Debug|Any CPU
		{B18361B8-EC2F-49C5-9C18-D9834E71E451}.Debug_E52294A|x64.ActiveCfg = Debug|Any CPU
		{B18361B8-EC2F-49C5-9C18-D9834E71E451}.Debug_E52294A|x64.Build.0 = Debug|Any CPU
		{B18361B8-EC2F-49C5-9C18-D9834E71E451}.Debug_E52295A|Any CPU.ActiveCfg = Debug|Any CPU
		{B18361B8-EC2F-49C5-9C18-D9834E71E451}.Debug_E52295A|Any CPU.Build.0 = Debug|Any CPU
		{B18361B8-EC2F-49C5-9C18-D9834E71E451}.Debug_E52295A|x64.ActiveCfg = Debug|Any CPU
		{B18361B8-EC2F-49C5-9C18-D9834E71E451}.Debug_E52295A|x64.Build.0 = Debug|Any CPU
		{B18361B8-EC2F-49C5-9C18-D9834E71E451}.Debug_M52294A|Any CPU.ActiveCfg = Debug|Any CPU
		{B18361B8-EC2F-49C5-9C18-D9834E71E451}.Debug_M52294A|Any CPU.Build.0 = Debug|Any CPU
		{B18361B8-EC2F-49C5-9C18-D9834E71E451}.Debug_M52294A|x64.ActiveCfg = Debug|Any CPU
		{B18361B8-EC2F-49C5-9C18-D9834E71E451}.Debug_M52294A|x64.Build.0 = Debug|Any CPU
		{B18361B8-EC2F-49C5-9C18-D9834E71E451}.Debug_M52295A|Any CPU.ActiveCfg = Debug|Any CPU
		{B18361B8-EC2F-49C5-9C18-D9834E71E451}.Debug_M52295A|Any CPU.Build.0 = Debug|Any CPU
		{B18361B8-EC2F-49C5-9C18-D9834E71E451}.Debug_M52295A|x64.ActiveCfg = Debug|Any CPU
		{B18361B8-EC2F-49C5-9C18-D9834E71E451}.Debug_M52295A|x64.Build.0 = Debug|Any CPU
		{B18361B8-EC2F-49C5-9C18-D9834E71E451}.Debug|Any CPU.ActiveCfg = Debug|Any CPU
		{B18361B8-EC2F-49C5-9C18-D9834E71E451}.Debug|Any CPU.Build.0 = Debug|Any CPU
		{B18361B8-EC2F-49C5-9C18-D9834E71E451}.Debug|x64.ActiveCfg = Debug|Any CPU
		{B18361B8-EC2F-49C5-9C18-D9834E71E451}.Debug|x64.Build.0 = Debug|Any CPU
		{B18361B8-EC2F-49C5-9C18-D9834E71E451}.Release_E52294A|Any CPU.ActiveCfg = Release|Any CPU
		{B18361B8-EC2F-49C5-9C18-D9834E71E451}.Release_E52294A|Any CPU.Build.0 = Release|Any CPU
		{B18361B8-EC2F-49C5-9C18-D9834E71E451}.Release_E52294A|x64.ActiveCfg = Release|Any CPU
		{B18361B8-EC2F-49C5-9C18-D9834E71E451}.Release_E52294A|x64.Build.0 = Release|Any CPU
		{B18361B8-EC2F-49C5-9C18-D9834E71E451}.Release_E52295A|Any CPU.ActiveCfg = Release|Any CPU
		{B18361B8-EC2F-49C5-9C18-D9834E71E451}.Release_E52295A|Any CPU.Build.0 = Release|Any CPU
		{B18361B8-EC2F-49C5-9C18-D9834E71E451}.Release_E52295A|x64.ActiveCfg = Release|Any CPU
		{B18361B8-EC2F-49C5-9C18-D9834E71E451}.Release_E52295A|x64.Build.0 = Release|Any CPU
		{B18361B8-EC2F-49C5-9C18-D9834E71E451}.Release_M52294A|Any CPU.ActiveCfg = Release|Any CPU
		{B18361B8-EC2F-49C5-9C18-D9834E71E451}.Release_M52294A|Any CPU.Build.0 = Release|Any CPU
		{B18361B8-EC2F-49C5-9C18-D9834E71E451}.Release_M52294A|x64.ActiveCfg = Release|Any CPU
		{B18361B8-EC2F-49C5-9C18-D9834E71E451}.Release_M52294A|x64.Build.0 = Release|Any CPU
		{B18361B8-EC2F-49C5-9C18-D9834E71E451}.Release_M52295A|Any CPU.ActiveCfg = Release|Any CPU
		{B18361B8-EC2F-49C5-9C18-D9834E71E451}.Release_M52295A|Any CPU.Build.0 = Release|Any CPU
		{B18361B8-EC2F-49C5-9C18-D9834E71E451}.Release_M52295A|x64.ActiveCfg = Release|Any CPU
		{B18361B8-EC2F-49C5-9C18-D9834E71E451}.Release_M52295A|x64.Build.0 = Release|Any CPU
		{B18361B8-EC2F-49C5-9C18-D9834E71E451}.Release|Any CPU.ActiveCfg = Release|Any CPU
		{B18361B8-EC2F-49C5-9C18-D9834E71E451}.Release|Any CPU.Build.0 = Release|Any CPU
		{B18361B8-EC2F-49C5-9C18-D9834E71E451}.Release|x64.ActiveCfg = Release|Any CPU
		{B18361B8-EC2F-49C5-9C18-D9834E71E451}.Release|x64.Build.0 = Release|Any CPU
		{6D58D02C-377A-4C51-8508-8C2E09D41ADF}.Debug_E52294A|Any CPU.ActiveCfg = Debug_M52295A|Any CPU
		{6D58D02C-377A-4C51-8508-8C2E09D41ADF}.Debug_E52294A|Any CPU.Build.0 = Debug_M52295A|Any CPU
		{6D58D02C-377A-4C51-8508-8C2E09D41ADF}.Debug_E52294A|x64.ActiveCfg = Debug_M52295A|Any CPU
		{6D58D02C-377A-4C51-8508-8C2E09D41ADF}.Debug_E52294A|x64.Build.0 = Debug_M52295A|Any CPU
		{6D58D02C-377A-4C51-8508-8C2E09D41ADF}.Debug_E52295A|Any CPU.ActiveCfg = Debug_E52295A|Any CPU
		{6D58D02C-377A-4C51-8508-8C2E09D41ADF}.Debug_E52295A|Any CPU.Build.0 = Debug_E52295A|Any CPU
		{6D58D02C-377A-4C51-8508-8C2E09D41ADF}.Debug_E52295A|x64.ActiveCfg = Debug_E52295A|Any CPU
		{6D58D02C-377A-4C51-8508-8C2E09D41ADF}.Debug_E52295A|x64.Build.0 = Debug_E52295A|Any CPU
		{6D58D02C-377A-4C51-8508-8C2E09D41ADF}.Debug_M52294A|Any CPU.ActiveCfg = Debug_M52295A|Any CPU
		{6D58D02C-377A-4C51-8508-8C2E09D41ADF}.Debug_M52294A|Any CPU.Build.0 = Debug_M52295A|Any CPU
		{6D58D02C-377A-4C51-8508-8C2E09D41ADF}.Debug_M52294A|x64.ActiveCfg = Debug_M52295A|Any CPU
		{6D58D02C-377A-4C51-8508-8C2E09D41ADF}.Debug_M52294A|x64.Build.0 = Debug_M52295A|Any CPU
		{6D58D02C-377A-4C51-8508-8C2E09D41ADF}.Debug_M52295A|Any CPU.ActiveCfg = Debug_M52295A|Any CPU
		{6D58D02C-377A-4C51-8508-8C2E09D41ADF}.Debug_M52295A|Any CPU.Build.0 = Debug_M52295A|Any CPU
		{6D58D02C-377A-4C51-8508-8C2E09D41ADF}.Debug_M52295A|x64.ActiveCfg = Debug_M52295A|Any CPU
		{6D58D02C-377A-4C51-8508-8C2E09D41ADF}.Debug_M52295A|x64.Build.0 = Debug_M52295A|Any CPU
		{6D58D02C-377A-4C51-8508-8C2E09D41ADF}.Debug|Any CPU.ActiveCfg = Debug_M52295A|Any CPU
		{6D58D02C-377A-4C51-8508-8C2E09D41ADF}.Debug|Any CPU.Build.0 = Debug_M52295A|Any CPU
		{6D58D02C-377A-4C51-8508-8C2E09D41ADF}.Debug|x64.ActiveCfg = Debug_M52295A|Any CPU
		{6D58D02C-377A-4C51-8508-8C2E09D41ADF}.Debug|x64.Build.0 = Debug_M52295A|Any CPU
		{6D58D02C-377A-4C51-8508-8C2E09D41ADF}.Release_E52294A|Any CPU.ActiveCfg = Release_M52295A|Any CPU
		{6D58D02C-377A-4C51-8508-8C2E09D41ADF}.Release_E52294A|Any CPU.Build.0 = Release_M52295A|Any CPU
		{6D58D02C-377A-4C51-8508-8C2E09D41ADF}.Release_E52294A|x64.ActiveCfg = Release_M52295A|Any CPU
		{6D58D02C-377A-4C51-8508-8C2E09D41ADF}.Release_E52294A|x64.Build.0 = Release_M52295A|Any CPU
		{6D58D02C-377A-4C51-8508-8C2E09D41ADF}.Release_E52295A|Any CPU.ActiveCfg = Release_E52295A|Any CPU
		{6D58D02C-377A-4C51-8508-8C2E09D41ADF}.Release_E52295A|Any CPU.Build.0 = Release_E52295A|Any CPU
		{6D58D02C-377A-4C51-8508-8C2E09D41ADF}.Release_E52295A|x64.ActiveCfg = Release_E52295A|Any CPU
		{6D58D02C-377A-4C51-8508-8C2E09D41ADF}.Release_E52295A|x64.Build.0 = Release_E52295A|Any CPU
		{6D58D02C-377A-4C51-8508-8C2E09D41ADF}.Release_M52294A|Any CPU.ActiveCfg = Release_M52295A|Any CPU
		{6D58D02C-377A-4C51-8508-8C2E09D41ADF}.Release_M52294A|Any CPU.Build.0 = Release_M52295A|Any CPU
		{6D58D02C-377A-4C51-8508-8C2E09D41ADF}.Release_M52294A|x64.ActiveCfg = Release_M52295A|Any CPU
		{6D58D02C-377A-4C51-8508-8C2E09D41ADF}.Release_M52294A|x64.Build.0 = Release_M52295A|Any CPU
		{6D58D02C-377A-4C51-8508-8C2E09D41ADF}.Release_M52295A|Any CPU.ActiveCfg = Release_M52295A|Any CPU
		{6D58D02C-377A-4C51-8508-8C2E09D41ADF}.Release_M52295A|Any CPU.Build.0 = Release_M52295A|Any CPU
		{6D58D02C-377A-4C51-8508-8C2E09D41ADF}.Release_M52295A|x64.ActiveCfg = Release_M52295A|Any CPU
		{6D58D02C-377A-4C51-8508-8C2E09D41ADF}.Release_M52295A|x64.Build.0 = Release_M52295A|Any CPU
		{6D58D02C-377A-4C51-8508-8C2E09D41ADF}.Release|Any CPU.ActiveCfg = Release_M52295A|Any CPU
		{6D58D02C-377A-4C51-8508-8C2E09D41ADF}.Release|Any CPU.Build.0 = Release_M52295A|Any CPU
		{6D58D02C-377A-4C51-8508-8C2E09D41ADF}.Release|x64.ActiveCfg = Release_M52295A|Any CPU
		{6D58D02C-377A-4C51-8508-8C2E09D41ADF}.Release|x64.Build.0 = Release_M52295A|Any CPU
		{55855CEC-131F-43A6-8AA9-94649F63B66E}.Debug_E52294A|Any CPU.ActiveCfg = Debug_M52295A|Any CPU
		{55855CEC-131F-43A6-8AA9-94649F63B66E}.Debug_E52294A|Any CPU.Build.0 = Debug_M52295A|Any CPU
		{55855CEC-131F-43A6-8AA9-94649F63B66E}.Debug_E52294A|x64.ActiveCfg = Debug_M52295A|Any CPU
		{55855CEC-131F-43A6-8AA9-94649F63B66E}.Debug_E52294A|x64.Build.0 = Debug_M52295A|Any CPU
		{55855CEC-131F-43A6-8AA9-94649F63B66E}.Debug_E52295A|Any CPU.ActiveCfg = Debug_E52295A|Any CPU
		{55855CEC-131F-43A6-8AA9-94649F63B66E}.Debug_E52295A|Any CPU.Build.0 = Debug_E52295A|Any CPU
		{55855CEC-131F-43A6-8AA9-94649F63B66E}.Debug_E52295A|x64.ActiveCfg = Debug_E52295A|Any CPU
		{55855CEC-131F-43A6-8AA9-94649F63B66E}.Debug_E52295A|x64.Build.0 = Debug_E52295A|Any CPU
		{55855CEC-131F-43A6-8AA9-94649F63B66E}.Debug_M52294A|Any CPU.ActiveCfg = Debug_M52295A|Any CPU
		{55855CEC-131F-43A6-8AA9-94649F63B66E}.Debug_M52294A|Any CPU.Build.0 = Debug_M52295A|Any CPU
		{55855CEC-131F-43A6-8AA9-94649F63B66E}.Debug_M52294A|x64.ActiveCfg = Debug_M52295A|Any CPU
		{55855CEC-131F-43A6-8AA9-94649F63B66E}.Debug_M52294A|x64.Build.0 = Debug_M52295A|Any CPU
		{55855CEC-131F-43A6-8AA9-94649F63B66E}.Debug_M52295A|Any CPU.ActiveCfg = Debug_M52295A|Any CPU
		{55855CEC-131F-43A6-8AA9-94649F63B66E}.Debug_M52295A|Any CPU.Build.0 = Debug_M52295A|Any CPU
		{55855CEC-131F-43A6-8AA9-94649F63B66E}.Debug_M52295A|x64.ActiveCfg = Debug_M52295A|Any CPU
		{55855CEC-131F-43A6-8AA9-94649F63B66E}.Debug_M52295A|x64.Build.0 = Debug_M52295A|Any CPU
		{55855CEC-131F-43A6-8AA9-94649F63B66E}.Debug|Any CPU.ActiveCfg = Debug_M52295A|Any CPU
		{55855CEC-131F-43A6-8AA9-94649F63B66E}.Debug|Any CPU.Build.0 = Debug_M52295A|Any CPU
		{55855CEC-131F-43A6-8AA9-94649F63B66E}.Debug|x64.ActiveCfg = Debug_M52295A|Any CPU
		{55855CEC-131F-43A6-8AA9-94649F63B66E}.Debug|x64.Build.0 = Debug_M52295A|Any CPU
		{55855CEC-131F-43A6-8AA9-94649F63B66E}.Release_E52294A|Any CPU.ActiveCfg = Release_M52295A|Any CPU
		{55855CEC-131F-43A6-8AA9-94649F63B66E}.Release_E52294A|Any CPU.Build.0 = Release_M52295A|Any CPU
		{55855CEC-131F-43A6-8AA9-94649F63B66E}.Release_E52294A|x64.ActiveCfg = Release_M52295A|Any CPU
		{55855CEC-131F-43A6-8AA9-94649F63B66E}.Release_E52294A|x64.Build.0 = Release_M52295A|Any CPU
		{55855CEC-131F-43A6-8AA9-94649F63B66E}.Release_E52295A|Any CPU.ActiveCfg = Release_E52295A|Any CPU
		{55855CEC-131F-43A6-8AA9-94649F63B66E}.Release_E52295A|Any CPU.Build.0 = Release_E52295A|Any CPU
		{55855CEC-131F-43A6-8AA9-94649F63B66E}.Release_E52295A|x64.ActiveCfg = Release_E52295A|Any CPU
		{55855CEC-131F-43A6-8AA9-94649F63B66E}.Release_E52295A|x64.Build.0 = Release_E52295A|Any CPU
		{55855CEC-131F-43A6-8AA9-94649F63B66E}.Release_M52294A|Any CPU.ActiveCfg = Release_M52295A|Any CPU
		{55855CEC-131F-43A6-8AA9-94649F63B66E}.Release_M52294A|Any CPU.Build.0 = Release_M52295A|Any CPU
		{55855CEC-131F-43A6-8AA9-94649F63B66E}.Release_M52294A|x64.ActiveCfg = Release_M52295A|Any CPU
		{55855CEC-131F-43A6-8AA9-94649F63B66E}.Release_M52294A|x64.Build.0 = Release_M52295A|Any CPU
		{55855CEC-131F-43A6-8AA9-94649F63B66E}.Release_M52295A|Any CPU.ActiveCfg = Release_M52295A|Any CPU
		{55855CEC-131F-43A6-8AA9-94649F63B66E}.Release_M52295A|Any CPU.Build.0 = Release_M52295A|Any CPU
		{55855CEC-131F-43A6-8AA9-94649F63B66E}.Release_M52295A|x64.ActiveCfg = Release_M52295A|Any CPU
		{55855CEC-131F-43A6-8AA9-94649F63B66E}.Release_M52295A|x64.Build.0 = Release_M52295A|Any CPU
		{55855CEC-131F-43A6-8AA9-94649F63B66E}.Release|Any CPU.ActiveCfg = Release_M52295A|Any CPU
		{55855CEC-131F-43A6-8AA9-94649F63B66E}.Release|Any CPU.Build.0 = Release_M52295A|Any CPU
		{55855CEC-131F-43A6-8AA9-94649F63B66E}.Release|x64.ActiveCfg = Release_M52295A|Any CPU
		{55855CEC-131F-43A6-8AA9-94649F63B66E}.Release|x64.Build.0 = Release_M52295A|Any CPU
		{5C7DCA16-15D5-4102-81F2-B223D21AD740}.Debug_E52294A|Any CPU.ActiveCfg = Debug|Any CPU
		{5C7DCA16-15D5-4102-81F2-B223D21AD740}.Debug_E52294A|Any CPU.Build.0 = Debug|Any CPU
		{5C7DCA16-15D5-4102-81F2-B223D21AD740}.Debug_E52294A|x64.ActiveCfg = Debug|Any CPU
		{5C7DCA16-15D5-4102-81F2-B223D21AD740}.Debug_E52294A|x64.Build.0 = Debug|Any CPU
		{5C7DCA16-15D5-4102-81F2-B223D21AD740}.Debug_E52295A|Any CPU.ActiveCfg = Debug|Any CPU
		{5C7DCA16-15D5-4102-81F2-B223D21AD740}.Debug_E52295A|Any CPU.Build.0 = Debug|Any CPU
		{5C7DCA16-15D5-4102-81F2-B223D21AD740}.Debug_E52295A|x64.ActiveCfg = Debug|Any CPU
		{5C7DCA16-15D5-4102-81F2-B223D21AD740}.Debug_E52295A|x64.Build.0 = Debug|Any CPU
		{5C7DCA16-15D5-4102-81F2-B223D21AD740}.Debug_M52294A|Any CPU.ActiveCfg = Debug|Any CPU
		{5C7DCA16-15D5-4102-81F2-B223D21AD740}.Debug_M52294A|Any CPU.Build.0 = Debug|Any CPU
		{5C7DCA16-15D5-4102-81F2-B223D21AD740}.Debug_M52294A|x64.ActiveCfg = Debug|Any CPU
		{5C7DCA16-15D5-4102-81F2-B223D21AD740}.Debug_M52294A|x64.Build.0 = Debug|Any CPU
		{5C7DCA16-15D5-4102-81F2-B223D21AD740}.Debug_M52295A|Any CPU.ActiveCfg = Debug|Any CPU
		{5C7DCA16-15D5-4102-81F2-B223D21AD740}.Debug_M52295A|Any CPU.Build.0 = Debug|Any CPU
		{5C7DCA16-15D5-4102-81F2-B223D21AD740}.Debug_M52295A|x64.ActiveCfg = Debug|Any CPU
		{5C7DCA16-15D5-4102-81F2-B223D21AD740}.Debug_M52295A|x64.Build.0 = Debug|Any CPU
		{5C7DCA16-15D5-4102-81F2-B223D21AD740}.Debug|Any CPU.ActiveCfg = Debug|Any CPU
		{5C7DCA16-15D5-4102-81F2-B223D21AD740}.Debug|Any CPU.Build.0 = Debug|Any CPU
		{5C7DCA16-15D5-4102-81F2-B223D21AD740}.Debug|x64.ActiveCfg = Debug|Any CPU
		{5C7DCA16-15D5-4102-81F2-B223D21AD740}.Debug|x64.Build.0 = Debug|Any CPU
		{5C7DCA16-15D5-4102-81F2-B223D21AD740}.Release_E52294A|Any CPU.ActiveCfg = Release|Any CPU
		{5C7DCA16-15D5-4102-81F2-B223D21AD740}.Release_E52294A|Any CPU.Build.0 = Release|Any CPU
		{5C7DCA16-15D5-4102-81F2-B223D21AD740}.Release_E52294A|x64.ActiveCfg = Release|Any CPU
		{5C7DCA16-15D5-4102-81F2-B223D21AD740}.Release_E52294A|x64.Build.0 = Release|Any CPU
		{5C7DCA16-15D5-4102-81F2-B223D21AD740}.Release_E52295A|Any CPU.ActiveCfg = Release|Any CPU
		{5C7DCA16-15D5-4102-81F2-B223D21AD740}.Release_E52295A|Any CPU.Build.0 = Release|Any CPU
		{5C7DCA16-15D5-4102-81F2-B223D21AD740}.Release_E52295A|x64.ActiveCfg = Release|Any CPU
		{5C7DCA16-15D5-4102-81F2-B223D21AD740}.Release_E52295A|x64.Build.0 = Release|Any CPU
		{5C7DCA16-15D5-4102-81F2-B223D21AD740}.Release_M52294A|Any CPU.ActiveCfg = Release|Any CPU
		{5C7DCA16-15D5-4102-81F2-B223D21AD740}.Release_M52294A|Any CPU.Build.0 = Release|Any CPU
		{5C7DCA16-15D5-4102-81F2-B223D21AD740}.Release_M52294A|x64.ActiveCfg = Release|Any CPU
		{5C7DCA16-15D5-4102-81F2-B223D21AD740}.Release_M52294A|x64.Build.0 = Release|Any CPU
		{5C7DCA16-15D5-4102-81F2-B223D21AD740}.Release_M52295A|Any CPU.ActiveCfg = Release|Any CPU
		{5C7DCA16-15D5-4102-81F2-B223D21AD740}.Release_M52295A|Any CPU.Build.0 = Release|Any CPU
		{5C7DCA16-15D5-4102-81F2-B223D21AD740}.Release_M52295A|x64.ActiveCfg = Release|Any CPU
		{5C7DCA16-15D5-4102-81F2-B223D21AD740}.Release_M52295A|x64.Build.0 = Release|Any CPU
		{5C7DCA16-15D5-4102-81F2-B223D21AD740}.Release|Any CPU.ActiveCfg = Release|Any CPU
		{5C7DCA16-15D5-4102-81F2-B223D21AD740}.Release|Any CPU.Build.0 = Release|Any CPU
		{5C7DCA16-15D5-4102-81F2-B223D21AD740}.Release|x64.ActiveCfg = Release|Any CPU
		{5C7DCA16-15D5-4102-81F2-B223D21AD740}.Release|x64.Build.0 = Release|Any CPU
		{5684B9E2-49EB-4272-BE0A-F80B3FC5701F}.Debug_E52294A|Any CPU.ActiveCfg = Debug|Any CPU
		{5684B9E2-49EB-4272-BE0A-F80B3FC5701F}.Debug_E52294A|Any CPU.Build.0 = Debug|Any CPU
		{5684B9E2-49EB-4272-BE0A-F80B3FC5701F}.Debug_E52294A|x64.ActiveCfg = Debug|Any CPU
		{5684B9E2-49EB-4272-BE0A-F80B3FC5701F}.Debug_E52294A|x64.Build.0 = Debug|Any CPU
		{5684B9E2-49EB-4272-BE0A-F80B3FC5701F}.Debug_E52295A|Any CPU.ActiveCfg = Debug|Any CPU
		{5684B9E2-49EB-4272-BE0A-F80B3FC5701F}.Debug_E52295A|Any CPU.Build.0 = Debug|Any CPU
		{5684B9E2-49EB-4272-BE0A-F80B3FC5701F}.Debug_E52295A|x64.ActiveCfg = Debug|Any CPU
		{5684B9E2-49EB-4272-BE0A-F80B3FC5701F}.Debug_E52295A|x64.Build.0 = Debug|Any CPU
		{5684B9E2-49EB-4272-BE0A-F80B3FC5701F}.Debug_M52294A|Any CPU.ActiveCfg = Debug|Any CPU
		{5684B9E2-49EB-4272-BE0A-F80B3FC5701F}.Debug_M52294A|Any CPU.Build.0 = Debug|Any CPU
		{5684B9E2-49EB-4272-BE0A-F80B3FC5701F}.Debug_M52294A|x64.ActiveCfg = Debug|Any CPU
		{5684B9E2-49EB-4272-BE0A-F80B3FC5701F}.Debug_M52294A|x64.Build.0 = Debug|Any CPU
		{5684B9E2-49EB-4272-BE0A-F80B3FC5701F}.Debug_M52295A|Any CPU.ActiveCfg = Debug|Any CPU
		{5684B9E2-49EB-4272-BE0A-F80B3FC5701F}.Debug_M52295A|Any CPU.Build.0 = Debug|Any CPU
		{5684B9E2-49EB-4272-BE0A-F80B3FC5701F}.Debug_M52295A|x64.ActiveCfg = Debug|Any CPU
		{5684B9E2-49EB-4272-BE0A-F80B3FC5701F}.Debug_M52295A|x64.Build.0 = Debug|Any CPU
		{5684B9E2-49EB-4272-BE0A-F80B3FC5701F}.Debug|Any CPU.ActiveCfg = Debug|Any CPU
		{5684B9E2-49EB-4272-BE0A-F80B3FC5701F}.Debug|Any CPU.Build.0 = Debug|Any CPU
		{5684B9E2-49EB-4272-BE0A-F80B3FC5701F}.Debug|x64.ActiveCfg = Debug|Any CPU
		{5684B9E2-49EB-4272-BE0A-F80B3FC5701F}.Debug|x64.Build.0 = Debug|Any CPU
		{5684B9E2-49EB-4272-BE0A-F80B3FC5701F}.Release_E52294A|Any CPU.ActiveCfg = Release|Any CPU
		{5684B9E2-49EB-4272-BE0A-F80B3FC5701F}.Release_E52294A|Any CPU.Build.0 = Release|Any CPU
		{5684B9E2-49EB-4272-BE0A-F80B3FC5701F}.Release_E52294A|x64.ActiveCfg = Release|Any CPU
		{5684B9E2-49EB-4272-BE0A-F80B3FC5701F}.Release_E52294A|x64.Build.0 = Release|Any CPU
		{5684B9E2-49EB-4272-BE0A-F80B3FC5701F}.Release_E52295A|Any CPU.ActiveCfg = Release|Any CPU
		{5684B9E2-49EB-4272-BE0A-F80B3FC5701F}.Release_E52295A|Any CPU.Build.0 = Release|Any CPU
		{5684B9E2-49EB-4272-BE0A-F80B3FC5701F}.Release_E52295A|x64.ActiveCfg = Release|Any CPU
		{5684B9E2-49EB-4272-BE0A-F80B3FC5701F}.Release_E52295A|x64.Build.0 = Release|Any CPU
		{5684B9E2-49EB-4272-BE0A-F80B3FC5701F}.Release_M52294A|Any CPU.ActiveCfg = Release|Any CPU
		{5684B9E2-49EB-4272-BE0A-F80B3FC5701F}.Release_M52294A|Any CPU.Build.0 = Release|Any CPU
		{5684B9E2-49EB-4272-BE0A-F80B3FC5701F}.Release_M52294A|x64.ActiveCfg = Release|Any CPU
		{5684B9E2-49EB-4272-BE0A-F80B3FC5701F}.Release_M52294A|x64.Build.0 = Release|Any CPU
		{5684B9E2-49EB-4272-BE0A-F80B3FC5701F}.Release_M52295A|Any CPU.ActiveCfg = Release|Any CPU
		{5684B9E2-49EB-4272-BE0A-F80B3FC5701F}.Release_M52295A|Any CPU.Build.0 = Release|Any CPU
		{5684B9E2-49EB-4272-BE0A-F80B3FC5701F}.Release_M52295A|x64.ActiveCfg = Release|Any CPU
		{5684B9E2-49EB-4272-BE0A-F80B3FC5701F}.Release_M52295A|x64.Build.0 = Release|Any CPU
		{5684B9E2-49EB-4272-BE0A-F80B3FC5701F}.Release|Any CPU.ActiveCfg = Release|Any CPU
		{5684B9E2-49EB-4272-BE0A-F80B3FC5701F}.Release|Any CPU.Build.0 = Release|Any CPU
		{5684B9E2-49EB-4272-BE0A-F80B3FC5701F}.Release|x64.ActiveCfg = Release|Any CPU
		{5684B9E2-49EB-4272-BE0A-F80B3FC5701F}.Release|x64.Build.0 = Release|Any CPU
		{BFA91A2A-1BB9-4F85-B8A1-ECF1C8CE84F2}.Debug_E52294A|Any CPU.ActiveCfg = Debug|Any CPU
		{BFA91A2A-1BB9-4F85-B8A1-ECF1C8CE84F2}.Debug_E52294A|Any CPU.Build.0 = Debug|Any CPU
		{BFA91A2A-1BB9-4F85-B8A1-ECF1C8CE84F2}.Debug_E52294A|x64.ActiveCfg = Debug|Any CPU
		{BFA91A2A-1BB9-4F85-B8A1-ECF1C8CE84F2}.Debug_E52294A|x64.Build.0 = Debug|Any CPU
		{BFA91A2A-1BB9-4F85-B8A1-ECF1C8CE84F2}.Debug_E52295A|Any CPU.ActiveCfg = Debug|Any CPU
		{BFA91A2A-1BB9-4F85-B8A1-ECF1C8CE84F2}.Debug_E52295A|Any CPU.Build.0 = Debug|Any CPU
		{BFA91A2A-1BB9-4F85-B8A1-ECF1C8CE84F2}.Debug_E52295A|x64.ActiveCfg = Debug|Any CPU
		{BFA91A2A-1BB9-4F85-B8A1-ECF1C8CE84F2}.Debug_E52295A|x64.Build.0 = Debug|Any CPU
		{BFA91A2A-1BB9-4F85-B8A1-ECF1C8CE84F2}.Debug_M52294A|Any CPU.ActiveCfg = Debug|Any CPU
		{BFA91A2A-1BB9-4F85-B8A1-ECF1C8CE84F2}.Debug_M52294A|Any CPU.Build.0 = Debug|Any CPU
		{BFA91A2A-1BB9-4F85-B8A1-ECF1C8CE84F2}.Debug_M52294A|x64.ActiveCfg = Debug|Any CPU
		{BFA91A2A-1BB9-4F85-B8A1-ECF1C8CE84F2}.Debug_M52294A|x64.Build.0 = Debug|Any CPU
		{BFA91A2A-1BB9-4F85-B8A1-ECF1C8CE84F2}.Debug_M52295A|Any CPU.ActiveCfg = Debug|Any CPU
		{BFA91A2A-1BB9-4F85-B8A1-ECF1C8CE84F2}.Debug_M52295A|Any CPU.Build.0 = Debug|Any CPU
		{BFA91A2A-1BB9-4F85-B8A1-ECF1C8CE84F2}.Debug_M52295A|x64.ActiveCfg = Debug|Any CPU
		{BFA91A2A-1BB9-4F85-B8A1-ECF1C8CE84F2}.Debug_M52295A|x64.Build.0 = Debug|Any CPU
		{BFA91A2A-1BB9-4F85-B8A1-ECF1C8CE84F2}.Debug|Any CPU.ActiveCfg = Debug|Any CPU
		{BFA91A2A-1BB9-4F85-B8A1-ECF1C8CE84F2}.Debug|Any CPU.Build.0 = Debug|Any CPU
		{BFA91A2A-1BB9-4F85-B8A1-ECF1C8CE84F2}.Debug|x64.ActiveCfg = Debug|Any CPU
		{BFA91A2A-1BB9-4F85-B8A1-ECF1C8CE84F2}.Debug|x64.Build.0 = Debug|Any CPU
		{BFA91A2A-1BB9-4F85-B8A1-ECF1C8CE84F2}.Release_E52294A|Any CPU.ActiveCfg = Release|Any CPU
		{BFA91A2A-1BB9-4F85-B8A1-ECF1C8CE84F2}.Release_E52294A|Any CPU.Build.0 = Release|Any CPU
		{BFA91A2A-1BB9-4F85-B8A1-ECF1C8CE84F2}.Release_E52294A|x64.ActiveCfg = Release|Any CPU
		{BFA91A2A-1BB9-4F85-B8A1-ECF1C8CE84F2}.Release_E52294A|x64.Build.0 = Release|Any CPU
		{BFA91A2A-1BB9-4F85-B8A1-ECF1C8CE84F2}.Release_E52295A|Any CPU.ActiveCfg = Release|Any CPU
		{BFA91A2A-1BB9-4F85-B8A1-ECF1C8CE84F2}.Release_E52295A|Any CPU.Build.0 = Release|Any CPU
		{BFA91A2A-1BB9-4F85-B8A1-ECF1C8CE84F2}.Release_E52295A|x64.ActiveCfg = Release|Any CPU
		{BFA91A2A-1BB9-4F85-B8A1-ECF1C8CE84F2}.Release_E52295A|x64.Build.0 = Release|Any CPU
		{BFA91A2A-1BB9-4F85-B8A1-ECF1C8CE84F2}.Release_M52294A|Any CPU.ActiveCfg = Release|Any CPU
		{BFA91A2A-1BB9-4F85-B8A1-ECF1C8CE84F2}.Release_M52294A|Any CPU.Build.0 = Release|Any CPU
		{BFA91A2A-1BB9-4F85-B8A1-ECF1C8CE84F2}.Release_M52294A|x64.ActiveCfg = Release|Any CPU
		{BFA91A2A-1BB9-4F85-B8A1-ECF1C8CE84F2}.Release_M52294A|x64.Build.0 = Release|Any CPU
		{BFA91A2A-1BB9-4F85-B8A1-ECF1C8CE84F2}.Release_M52295A|Any CPU.ActiveCfg = Release|Any CPU
		{BFA91A2A-1BB9-4F85-B8A1-ECF1C8CE84F2}.Release_M52295A|Any CPU.Build.0 = Release|Any CPU
		{BFA91A2A-1BB9-4F85-B8A1-ECF1C8CE84F2}.Release_M52295A|x64.ActiveCfg = Release|Any CPU
		{BFA91A2A-1BB9-4F85-B8A1-ECF1C8CE84F2}.Release_M52295A|x64.Build.0 = Release|Any CPU
		{BFA91A2A-1BB9-4F85-B8A1-ECF1C8CE84F2}.Release|Any CPU.ActiveCfg = Release|Any CPU
		{BFA91A2A-1BB9-4F85-B8A1-ECF1C8CE84F2}.Release|Any CPU.Build.0 = Release|Any CPU
		{BFA91A2A-1BB9-4F85-B8A1-ECF1C8CE84F2}.Release|x64.ActiveCfg = Release|Any CPU
		{BFA91A2A-1BB9-4F85-B8A1-ECF1C8CE84F2}.Release|x64.Build.0 = Release|Any CPU
		{C298951B-2BD1-4374-B192-656AF5DAEDAD}.Debug_E52294A|Any CPU.ActiveCfg = Debug|Any CPU
		{C298951B-2BD1-4374-B192-656AF5DAEDAD}.Debug_E52294A|Any CPU.Build.0 = Debug|Any CPU
		{C298951B-2BD1-4374-B192-656AF5DAEDAD}.Debug_E52294A|x64.ActiveCfg = Debug|Any CPU
		{C298951B-2BD1-4374-B192-656AF5DAEDAD}.Debug_E52294A|x64.Build.0 = Debug|Any CPU
		{C298951B-2BD1-4374-B192-656AF5DAEDAD}.Debug_E52295A|Any CPU.ActiveCfg = Debug|Any CPU
		{C298951B-2BD1-4374-B192-656AF5DAEDAD}.Debug_E52295A|Any CPU.Build.0 = Debug|Any CPU
		{C298951B-2BD1-4374-B192-656AF5DAEDAD}.Debug_E52295A|x64.ActiveCfg = Debug|Any CPU
		{C298951B-2BD1-4374-B192-656AF5DAEDAD}.Debug_E52295A|x64.Build.0 = Debug|Any CPU
		{C298951B-2BD1-4374-B192-656AF5DAEDAD}.Debug_M52294A|Any CPU.ActiveCfg = Debug|Any CPU
		{C298951B-2BD1-4374-B192-656AF5DAEDAD}.Debug_M52294A|Any CPU.Build.0 = Debug|Any CPU
		{C298951B-2BD1-4374-B192-656AF5DAEDAD}.Debug_M52294A|x64.ActiveCfg = Debug|Any CPU
		{C298951B-2BD1-4374-B192-656AF5DAEDAD}.Debug_M52294A|x64.Build.0 = Debug|Any CPU
		{C298951B-2BD1-4374-B192-656AF5DAEDAD}.Debug_M52295A|Any CPU.ActiveCfg = Debug|Any CPU
		{C298951B-2BD1-4374-B192-656AF5DAEDAD}.Debug_M52295A|Any CPU.Build.0 = Debug|Any CPU
		{C298951B-2BD1-4374-B192-656AF5DAEDAD}.Debug_M52295A|x64.ActiveCfg = Debug|Any CPU
		{C298951B-2BD1-4374-B192-656AF5DAEDAD}.Debug_M52295A|x64.Build.0 = Debug|Any CPU
		{C298951B-2BD1-4374-B192-656AF5DAEDAD}.Debug|Any CPU.ActiveCfg = Debug|Any CPU
		{C298951B-2BD1-4374-B192-656AF5DAEDAD}.Debug|Any CPU.Build.0 = Debug|Any CPU
		{C298951B-2BD1-4374-B192-656AF5DAEDAD}.Debug|x64.ActiveCfg = Debug|Any CPU
		{C298951B-2BD1-4374-B192-656AF5DAEDAD}.Debug|x64.Build.0 = Debug|Any CPU
		{C298951B-2BD1-4374-B192-656AF5DAEDAD}.Release_E52294A|Any CPU.ActiveCfg = Release|Any CPU
		{C298951B-2BD1-4374-B192-656AF5DAEDAD}.Release_E52294A|Any CPU.Build.0 = Release|Any CPU
		{C298951B-2BD1-4374-B192-656AF5DAEDAD}.Release_E52294A|x64.ActiveCfg = Release|Any CPU
		{C298951B-2BD1-4374-B192-656AF5DAEDAD}.Release_E52294A|x64.Build.0 = Release|Any CPU
		{C298951B-2BD1-4374-B192-656AF5DAEDAD}.Release_E52295A|Any CPU.ActiveCfg = Release|Any CPU
		{C298951B-2BD1-4374-B192-656AF5DAEDAD}.Release_E52295A|Any CPU.Build.0 = Release|Any CPU
		{C298951B-2BD1-4374-B192-656AF5DAEDAD}.Release_E52295A|x64.ActiveCfg = Release|Any CPU
		{C298951B-2BD1-4374-B192-656AF5DAEDAD}.Release_E52295A|x64.Build.0 = Release|Any CPU
		{C298951B-2BD1-4374-B192-656AF5DAEDAD}.Release_M52294A|Any CPU.ActiveCfg = Release|Any CPU
		{C298951B-2BD1-4374-B192-656AF5DAEDAD}.Release_M52294A|Any CPU.Build.0 = Release|Any CPU
		{C298951B-2BD1-4374-B192-656AF5DAEDAD}.Release_M52294A|x64.ActiveCfg = Release|Any CPU
		{C298951B-2BD1-4374-B192-656AF5DAEDAD}.Release_M52294A|x64.Build.0 = Release|Any CPU
		{C298951B-2BD1-4374-B192-656AF5DAEDAD}.Release_M52295A|Any CPU.ActiveCfg = Release|Any CPU
		{C298951B-2BD1-4374-B192-656AF5DAEDAD}.Release_M52295A|Any CPU.Build.0 = Release|Any CPU
		{C298951B-2BD1-4374-B192-656AF5DAEDAD}.Release_M52295A|x64.ActiveCfg = Release|Any CPU
		{C298951B-2BD1-4374-B192-656AF5DAEDAD}.Release_M52295A|x64.Build.0 = Release|Any CPU
		{C298951B-2BD1-4374-B192-656AF5DAEDAD}.Release|Any CPU.ActiveCfg = Release|Any CPU
		{C298951B-2BD1-4374-B192-656AF5DAEDAD}.Release|Any CPU.Build.0 = Release|Any CPU
		{C298951B-2BD1-4374-B192-656AF5DAEDAD}.Release|x64.ActiveCfg = Release|Any CPU
		{C298951B-2BD1-4374-B192-656AF5DAEDAD}.Release|x64.Build.0 = Release|Any CPU
		{49CD2E1D-9105-48BE-9EF5-33AA80C7A5AF}.Debug_E52294A|Any CPU.ActiveCfg = Debug|Any CPU
		{49CD2E1D-9105-48BE-9EF5-33AA80C7A5AF}.Debug_E52294A|Any CPU.Build.0 = Debug|Any CPU
		{49CD2E1D-9105-48BE-9EF5-33AA80C7A5AF}.Debug_E52294A|x64.ActiveCfg = Debug|Any CPU
		{49CD2E1D-9105-48BE-9EF5-33AA80C7A5AF}.Debug_E52294A|x64.Build.0 = Debug|Any CPU
		{49CD2E1D-9105-48BE-9EF5-33AA80C7A5AF}.Debug_E52295A|Any CPU.ActiveCfg = Debug|Any CPU
		{49CD2E1D-9105-48BE-9EF5-33AA80C7A5AF}.Debug_E52295A|Any CPU.Build.0 = Debug|Any CPU
		{49CD2E1D-9105-48BE-9EF5-33AA80C7A5AF}.Debug_E52295A|x64.ActiveCfg = Debug|Any CPU
		{49CD2E1D-9105-48BE-9EF5-33AA80C7A5AF}.Debug_E52295A|x64.Build.0 = Debug|Any CPU
		{49CD2E1D-9105-48BE-9EF5-33AA80C7A5AF}.Debug_M52294A|Any CPU.ActiveCfg = Debug|Any CPU
		{49CD2E1D-9105-48BE-9EF5-33AA80C7A5AF}.Debug_M52294A|Any CPU.Build.0 = Debug|Any CPU
		{49CD2E1D-9105-48BE-9EF5-33AA80C7A5AF}.Debug_M52294A|x64.ActiveCfg = Debug|Any CPU
		{49CD2E1D-9105-48BE-9EF5-33AA80C7A5AF}.Debug_M52294A|x64.Build.0 = Debug|Any CPU
		{49CD2E1D-9105-48BE-9EF5-33AA80C7A5AF}.Debug_M52295A|Any CPU.ActiveCfg = Debug|Any CPU
		{49CD2E1D-9105-48BE-9EF5-33AA80C7A5AF}.Debug_M52295A|Any CPU.Build.0 = Debug|Any CPU
		{49CD2E1D-9105-48BE-9EF5-33AA80C7A5AF}.Debug_M52295A|x64.ActiveCfg = Debug|Any CPU
		{49CD2E1D-9105-48BE-9EF5-33AA80C7A5AF}.Debug_M52295A|x64.Build.0 = Debug|Any CPU
		{49CD2E1D-9105-48BE-9EF5-33AA80C7A5AF}.Debug|Any CPU.ActiveCfg = Debug|Any CPU
		{49CD2E1D-9105-48BE-9EF5-33AA80C7A5AF}.Debug|Any CPU.Build.0 = Debug|Any CPU
		{49CD2E1D-9105-48BE-9EF5-33AA80C7A5AF}.Debug|x64.ActiveCfg = Debug|Any CPU
		{49CD2E1D-9105-48BE-9EF5-33AA80C7A5AF}.Debug|x64.Build.0 = Debug|Any CPU
		{49CD2E1D-9105-48BE-9EF5-33AA80C7A5AF}.Release_E52294A|Any CPU.ActiveCfg = Release|Any CPU
		{49CD2E1D-9105-48BE-9EF5-33AA80C7A5AF}.Release_E52294A|Any CPU.Build.0 = Release|Any CPU
		{49CD2E1D-9105-48BE-9EF5-33AA80C7A5AF}.Release_E52294A|x64.ActiveCfg = Release|Any CPU
		{49CD2E1D-9105-48BE-9EF5-33AA80C7A5AF}.Release_E52294A|x64.Build.0 = Release|Any CPU
		{49CD2E1D-9105-48BE-9EF5-33AA80C7A5AF}.Release_E52295A|Any CPU.ActiveCfg = Release|Any CPU
		{49CD2E1D-9105-48BE-9EF5-33AA80C7A5AF}.Release_E52295A|Any CPU.Build.0 = Release|Any CPU
		{49CD2E1D-9105-48BE-9EF5-33AA80C7A5AF}.Release_E52295A|x64.ActiveCfg = Release|Any CPU
		{49CD2E1D-9105-48BE-9EF5-33AA80C7A5AF}.Release_E52295A|x64.Build.0 = Release|Any CPU
		{49CD2E1D-9105-48BE-9EF5-33AA80C7A5AF}.Release_M52294A|Any CPU.ActiveCfg = Release|Any CPU
		{49CD2E1D-9105-48BE-9EF5-33AA80C7A5AF}.Release_M52294A|Any CPU.Build.0 = Release|Any CPU
		{49CD2E1D-9105-48BE-9EF5-33AA80C7A5AF}.Release_M52294A|x64.ActiveCfg = Release|Any CPU
		{49CD2E1D-9105-48BE-9EF5-33AA80C7A5AF}.Release_M52294A|x64.Build.0 = Release|Any CPU
		{49CD2E1D-9105-48BE-9EF5-33AA80C7A5AF}.Release_M52295A|Any CPU.ActiveCfg = Release|Any CPU
		{49CD2E1D-9105-48BE-9EF5-33AA80C7A5AF}.Release_M52295A|Any CPU.Build.0 = Release|Any CPU
		{49CD2E1D-9105-48BE-9EF5-33AA80C7A5AF}.Release_M52295A|x64.ActiveCfg = Release|Any CPU
		{49CD2E1D-9105-48BE-9EF5-33AA80C7A5AF}.Release_M52295A|x64.Build.0 = Release|Any CPU
		{49CD2E1D-9105-48BE-9EF5-33AA80C7A5AF}.Release|Any CPU.ActiveCfg = Release|Any CPU
		{49CD2E1D-9105-48BE-9EF5-33AA80C7A5AF}.Release|Any CPU.Build.0 = Release|Any CPU
		{49CD2E1D-9105-48BE-9EF5-33AA80C7A5AF}.Release|x64.ActiveCfg = Release|Any CPU
		{49CD2E1D-9105-48BE-9EF5-33AA80C7A5AF}.Release|x64.Build.0 = Release|Any CPU
	EndGlobalSection
	GlobalSection(SolutionProperties) = preSolution
		HideSolutionNode = FALSE
	EndGlobalSection
	GlobalSection(NestedProjects) = preSolution
		{DB0B4E6F-8FB0-41C7-B7B5-9ACDC2EDA759} = {6C03697C-E1F0-4585-81D3-D18800BC60EF}
		{D8B7E978-A397-4AB8-BF06-B092239B9C28} = {6C03697C-E1F0-4585-81D3-D18800BC60EF}
		{BA9E3B97-39CD-46A7-B1C4-176CB911F837} = {6C03697C-E1F0-4585-81D3-D18800BC60EF}
		{0FDD364F-98D0-44FD-B9B8-8CF49C585406} = {6C03697C-E1F0-4585-81D3-D18800BC60EF}
		{23316493-5227-4FC4-9FAE-DFE5AC3D7147} = {6C03697C-E1F0-4585-81D3-D18800BC60EF}
		{1B301412-682A-4C70-BD38-3E81EF79347D} = {6C03697C-E1F0-4585-81D3-D18800BC60EF}
		{393E3683-3875-44D8-97EE-DAAF5DB98F3D} = {6C03697C-E1F0-4585-81D3-D18800BC60EF}
		{D492884B-48ED-4319-967E-9946F08B3270} = {6C03697C-E1F0-4585-81D3-D18800BC60EF}
		{B18361B8-EC2F-49C5-9C18-D9834E71E451} = {6C03697C-E1F0-4585-81D3-D18800BC60EF}
		{6D58D02C-377A-4C51-8508-8C2E09D41ADF} = {67C16197-F50F-4890-870C-B505A60C373C}
		{55855CEC-131F-43A6-8AA9-94649F63B66E} = {67C16197-F50F-4890-870C-B505A60C373C}
		{5C7DCA16-15D5-4102-81F2-B223D21AD740} = {67C16197-F50F-4890-870C-B505A60C373C}
		{5684B9E2-49EB-4272-BE0A-F80B3FC5701F} = {67C16197-F50F-4890-870C-B505A60C373C}
		{BFA91A2A-1BB9-4F85-B8A1-ECF1C8CE84F2} = {67C16197-F50F-4890-870C-B505A60C373C}
		{C298951B-2BD1-4374-B192-656AF5DAEDAD} = {67C16197-F50F-4890-870C-B505A60C373C}
		{49CD2E1D-9105-48BE-9EF5-33AA80C7A5AF} = {51CB2A19-F6BD-4235-B8D1-BFCBD4DE5B22}
	EndGlobalSection
	GlobalSection(ExtensibilityGlobals) = postSolution
		SolutionGuid = {A538E7BF-ACE6-43A8-9617-CAA7C8CF7FBC}
	EndGlobalSection
EndGlobal
