
Microsoft Visual Studio Solution File, Format Version 12.00
# Visual Studio Version 17
VisualStudioVersion = 17.5.002.0
MinimumVisualStudioVersion = 10.0.40219.1
Project("{9A19103F-16F7-4668-BE54-9A1E7A4F7556}") = "52294_UCAN_Tool", "52294_UCAN_Tool.csproj", "{37CCA055-74A8-4CC9-B166-03FCABC99159}"
EndProject
Global
	GlobalSection(SolutionConfigurationPlatforms) = preSolution
		Debug|Any CPU = Debug|Any CPU
		Release|Any CPU = Release|Any CPU
	EndGlobalSection
	GlobalSection(ProjectConfigurationPlatforms) = postSolution
		{37CCA055-74A8-4CC9-B166-03FCABC99159}.Debug|Any CPU.ActiveCfg = Debug|Any CPU
		{37CCA055-74A8-4CC9-B166-03FCABC99159}.Debug|Any CPU.Build.0 = Debug|Any CPU
		{37CCA055-74A8-4CC9-B166-03FCABC99159}.Release|Any CPU.ActiveCfg = Release|Any CPU
		{37CCA055-74A8-4CC9-B166-03FCABC99159}.Release|Any CPU.Build.0 = Release|Any CPU
	EndGlobalSection
	GlobalSection(SolutionProperties) = preSolution
		HideSolutionNode = FALSE
	EndGlobalSection
	GlobalSection(ExtensibilityGlobals) = postSolution
		SolutionGuid = {A86DB9C7-BE3E-4E9B-B864-D65BCBC3E2ED}
	EndGlobalSection
EndGlobal
