Microsoft Visual Studio Solution File, Format Version 12.00
# Visual Studio Express 2013 for Windows Desktop
VisualStudioVersion = 12.0.40629.0
MinimumVisualStudioVersion = 10.0.40219.1
Project("{FAE04EC0-301F-11D3-BF4B-00C04F79EFBC}") = "52294_UCAN_Tool", "52294_UCAN_Tool\52294_UCAN_Tool.csproj", "{6D58D02C-377A-4C51-8508-8C2E09D41ADF}"
EndProject
Project("{FAE04EC0-301F-11D3-BF4B-00C04F79EFBC}") = "52294_Param_Tool", "52294_Param_Tool\52294_Param_Tool.csproj", "{55855CEC-131F-43A6-8AA9-94649F63B66E}"
EndProject
Project("{FAE04EC0-301F-11D3-BF4B-00C04F79EFBC}") = "Device_52294_Lib", "Device_52294_Lib\Device_52294_Lib.csproj", "{0FDD364F-98D0-44FD-B9B8-8CF49C585406}"
EndProject
Project("{FAE04EC0-301F-11D3-BF4B-00C04F79EFBC}") = "52294_Socket_Master", "52294_Socket_Master\52294_Socket_Master.csproj", "{D8B7E978-A397-4AB8-BF06-B092239B9C28}"
EndProject
Project("{FAE04EC0-301F-11D3-BF4B-00C04F79EFBC}") = "MemLib", "MemLib\MemLib.csproj", "{D492884B-48ED-4319-967E-9946F08B3270}"
EndProject
Project("{FAE04EC0-301F-11D3-BF4B-00C04F79EFBC}") = "ExtensionsLib", "ExtensionsLib\ExtensionsLib.csproj", "{23316493-5227-4FC4-9FAE-DFE5AC3D7147}"
EndProject
Project("{FAE04EC0-301F-11D3-BF4B-00C04F79EFBC}") = "LinMasterLib", "LinMasterLib\LinMasterLib.csproj", "{393E3683-3875-44D8-97EE-DAAF5DB98F3D}"
EndProject
Project("{FAE04EC0-301F-11D3-BF4B-00C04F79EFBC}") = "FtdiLib", "FtdiLib\FtdiLib.csproj", "{1B301412-682A-4C70-BD38-3E81EF79347D}"
EndProject
Project("{FAE04EC0-301F-11D3-BF4B-00C04F79EFBC}") = "UcanCommLib", "UcanCommLib\UcanCommLib.csproj", "{B18361B8-EC2F-49C5-9C18-D9834E71E451}"
EndProject
Global
	GlobalSection(SolutionConfigurationPlatforms) = preSolution
		Debug_E52294A|Any CPU = Debug_E52294A|Any CPU
		Debug_M52294A|Any CPU = Debug_M52294A|Any CPU
		Debug|Any CPU = Debug|Any CPU
		Release_E52294A|Any CPU = Release_E52294A|Any CPU
		Release_M52294A|Any CPU = Release_M52294A|Any CPU
		Release|Any CPU = Release|Any CPU
	EndGlobalSection
	GlobalSection(ProjectConfigurationPlatforms) = postSolution
		{6D58D02C-377A-4C51-8508-8C2E09D41ADF}.Debug_E52294A|Any CPU.ActiveCfg = Debug_E52294A|Any CPU
		{6D58D02C-377A-4C51-8508-8C2E09D41ADF}.Debug_E52294A|Any CPU.Build.0 = Debug_E52294A|Any CPU
		{6D58D02C-377A-4C51-8508-8C2E09D41ADF}.Debug_M52294A|Any CPU.ActiveCfg = Debug_M52294A|Any CPU
		{6D58D02C-377A-4C51-8508-8C2E09D41ADF}.Debug_M52294A|Any CPU.Build.0 = Debug_M52294A|Any CPU
		{6D58D02C-377A-4C51-8508-8C2E09D41ADF}.Debug|Any CPU.ActiveCfg = Debug_M52294A|Any CPU
		{6D58D02C-377A-4C51-8508-8C2E09D41ADF}.Debug|Any CPU.Build.0 = Debug_M52294A|Any CPU
		{6D58D02C-377A-4C51-8508-8C2E09D41ADF}.Release_E52294A|Any CPU.ActiveCfg = Release_E52294A|Any CPU
		{6D58D02C-377A-4C51-8508-8C2E09D41ADF}.Release_E52294A|Any CPU.Build.0 = Release_E52294A|Any CPU
		{6D58D02C-377A-4C51-8508-8C2E09D41ADF}.Release_M52294A|Any CPU.ActiveCfg = Release_M52294A|Any CPU
		{6D58D02C-377A-4C51-8508-8C2E09D41ADF}.Release_M52294A|Any CPU.Build.0 = Release_M52294A|Any CPU
		{6D58D02C-377A-4C51-8508-8C2E09D41ADF}.Release|Any CPU.ActiveCfg = Release_M52294A|Any CPU
		{6D58D02C-377A-4C51-8508-8C2E09D41ADF}.Release|Any CPU.Build.0 = Release_M52294A|Any CPU
		{55855CEC-131F-43A6-8AA9-94649F63B66E}.Debug_E52294A|Any CPU.ActiveCfg = Debug_E52294A|Any CPU
		{55855CEC-131F-43A6-8AA9-94649F63B66E}.Debug_E52294A|Any CPU.Build.0 = Debug_E52294A|Any CPU
		{55855CEC-131F-43A6-8AA9-94649F63B66E}.Debug_M52294A|Any CPU.ActiveCfg = Debug_M52294A|Any CPU
		{55855CEC-131F-43A6-8AA9-94649F63B66E}.Debug_M52294A|Any CPU.Build.0 = Debug_M52294A|Any CPU
		{55855CEC-131F-43A6-8AA9-94649F63B66E}.Debug|Any CPU.ActiveCfg = Debug_M52294A|Any CPU
		{55855CEC-131F-43A6-8AA9-94649F63B66E}.Debug|Any CPU.Build.0 = Debug_M52294A|Any CPU
		{55855CEC-131F-43A6-8AA9-94649F63B66E}.Release_E52294A|Any CPU.ActiveCfg = Release_E52294A|Any CPU
		{55855CEC-131F-43A6-8AA9-94649F63B66E}.Release_E52294A|Any CPU.Build.0 = Release_E52294A|Any CPU
		{55855CEC-131F-43A6-8AA9-94649F63B66E}.Release_M52294A|Any CPU.ActiveCfg = Release_M52294A|Any CPU
		{55855CEC-131F-43A6-8AA9-94649F63B66E}.Release_M52294A|Any CPU.Build.0 = Release_M52294A|Any CPU
		{55855CEC-131F-43A6-8AA9-94649F63B66E}.Release|Any CPU.ActiveCfg = Release_M52294A|Any CPU
		{55855CEC-131F-43A6-8AA9-94649F63B66E}.Release|Any CPU.Build.0 = Release_M52294A|Any CPU
		{0FDD364F-98D0-44FD-B9B8-8CF49C585406}.Debug_E52294A|Any CPU.ActiveCfg = Debug|Any CPU
		{0FDD364F-98D0-44FD-B9B8-8CF49C585406}.Debug_E52294A|Any CPU.Build.0 = Debug|Any CPU
		{0FDD364F-98D0-44FD-B9B8-8CF49C585406}.Debug_M52294A|Any CPU.ActiveCfg = Debug|Any CPU
		{0FDD364F-98D0-44FD-B9B8-8CF49C585406}.Debug_M52294A|Any CPU.Build.0 = Debug|Any CPU
		{0FDD364F-98D0-44FD-B9B8-8CF49C585406}.Debug|Any CPU.ActiveCfg = Debug|Any CPU
		{0FDD364F-98D0-44FD-B9B8-8CF49C585406}.Debug|Any CPU.Build.0 = Debug|Any CPU
		{0FDD364F-98D0-44FD-B9B8-8CF49C585406}.Release_E52294A|Any CPU.ActiveCfg = Release|Any CPU
		{0FDD364F-98D0-44FD-B9B8-8CF49C585406}.Release_E52294A|Any CPU.Build.0 = Release|Any CPU
		{0FDD364F-98D0-44FD-B9B8-8CF49C585406}.Release_M52294A|Any CPU.ActiveCfg = Release|Any CPU
		{0FDD364F-98D0-44FD-B9B8-8CF49C585406}.Release_M52294A|Any CPU.Build.0 = Release|Any CPU
		{0FDD364F-98D0-44FD-B9B8-8CF49C585406}.Release|Any CPU.ActiveCfg = Release|Any CPU
		{0FDD364F-98D0-44FD-B9B8-8CF49C585406}.Release|Any CPU.Build.0 = Release|Any CPU
		{D8B7E978-A397-4AB8-BF06-B092239B9C28}.Debug_E52294A|Any CPU.ActiveCfg = Debug|Any CPU
		{D8B7E978-A397-4AB8-BF06-B092239B9C28}.Debug_E52294A|Any CPU.Build.0 = Debug|Any CPU
		{D8B7E978-A397-4AB8-BF06-B092239B9C28}.Debug_M52294A|Any CPU.ActiveCfg = Debug|Any CPU
		{D8B7E978-A397-4AB8-BF06-B092239B9C28}.Debug_M52294A|Any CPU.Build.0 = Debug|Any CPU
		{D8B7E978-A397-4AB8-BF06-B092239B9C28}.Debug|Any CPU.ActiveCfg = Debug|Any CPU
		{D8B7E978-A397-4AB8-BF06-B092239B9C28}.Debug|Any CPU.Build.0 = Debug|Any CPU
		{D8B7E978-A397-4AB8-BF06-B092239B9C28}.Release_E52294A|Any CPU.ActiveCfg = Release|Any CPU
		{D8B7E978-A397-4AB8-BF06-B092239B9C28}.Release_E52294A|Any CPU.Build.0 = Release|Any CPU
		{D8B7E978-A397-4AB8-BF06-B092239B9C28}.Release_M52294A|Any CPU.ActiveCfg = Release|Any CPU
		{D8B7E978-A397-4AB8-BF06-B092239B9C28}.Release_M52294A|Any CPU.Build.0 = Release|Any CPU
		{D8B7E978-A397-4AB8-BF06-B092239B9C28}.Release|Any CPU.ActiveCfg = Release|Any CPU
		{D8B7E978-A397-4AB8-BF06-B092239B9C28}.Release|Any CPU.Build.0 = Release|Any CPU
		{D492884B-48ED-4319-967E-9946F08B3270}.Debug_E52294A|Any CPU.ActiveCfg = Debug|Any CPU
		{D492884B-48ED-4319-967E-9946F08B3270}.Debug_E52294A|Any CPU.Build.0 = Debug|Any CPU
		{D492884B-48ED-4319-967E-9946F08B3270}.Debug_M52294A|Any CPU.ActiveCfg = Debug|Any CPU
		{D492884B-48ED-4319-967E-9946F08B3270}.Debug_M52294A|Any CPU.Build.0 = Debug|Any CPU
		{D492884B-48ED-4319-967E-9946F08B3270}.Debug|Any CPU.ActiveCfg = Debug|Any CPU
		{D492884B-48ED-4319-967E-9946F08B3270}.Debug|Any CPU.Build.0 = Debug|Any CPU
		{D492884B-48ED-4319-967E-9946F08B3270}.Release_E52294A|Any CPU.ActiveCfg = Release|Any CPU
		{D492884B-48ED-4319-967E-9946F08B3270}.Release_E52294A|Any CPU.Build.0 = Release|Any CPU
		{D492884B-48ED-4319-967E-9946F08B3270}.Release_M52294A|Any CPU.ActiveCfg = Release|Any CPU
		{D492884B-48ED-4319-967E-9946F08B3270}.Release_M52294A|Any CPU.Build.0 = Release|Any CPU
		{D492884B-48ED-4319-967E-9946F08B3270}.Release|Any CPU.ActiveCfg = Release|Any CPU
		{D492884B-48ED-4319-967E-9946F08B3270}.Release|Any CPU.Build.0 = Release|Any CPU
		{23316493-5227-4FC4-9FAE-DFE5AC3D7147}.Debug_E52294A|Any CPU.ActiveCfg = Debug|Any CPU
		{23316493-5227-4FC4-9FAE-DFE5AC3D7147}.Debug_E52294A|Any CPU.Build.0 = Debug|Any CPU
		{23316493-5227-4FC4-9FAE-DFE5AC3D7147}.Debug_M52294A|Any CPU.ActiveCfg = Debug|Any CPU
		{23316493-5227-4FC4-9FAE-DFE5AC3D7147}.Debug_M52294A|Any CPU.Build.0 = Debug|Any CPU
		{23316493-5227-4FC4-9FAE-DFE5AC3D7147}.Debug|Any CPU.ActiveCfg = Debug|Any CPU
		{23316493-5227-4FC4-9FAE-DFE5AC3D7147}.Debug|Any CPU.Build.0 = Debug|Any CPU
		{23316493-5227-4FC4-9FAE-DFE5AC3D7147}.Release_E52294A|Any CPU.ActiveCfg = Release|Any CPU
		{23316493-5227-4FC4-9FAE-DFE5AC3D7147}.Release_E52294A|Any CPU.Build.0 = Release|Any CPU
		{23316493-5227-4FC4-9FAE-DFE5AC3D7147}.Release_M52294A|Any CPU.ActiveCfg = Release|Any CPU
		{23316493-5227-4FC4-9FAE-DFE5AC3D7147}.Release_M52294A|Any CPU.Build.0 = Release|Any CPU
		{23316493-5227-4FC4-9FAE-DFE5AC3D7147}.Release|Any CPU.ActiveCfg = Release|Any CPU
		{23316493-5227-4FC4-9FAE-DFE5AC3D7147}.Release|Any CPU.Build.0 = Release|Any CPU
		{393E3683-3875-44D8-97EE-DAAF5DB98F3D}.Debug_E52294A|Any CPU.ActiveCfg = Debug|Any CPU
		{393E3683-3875-44D8-97EE-DAAF5DB98F3D}.Debug_E52294A|Any CPU.Build.0 = Debug|Any CPU
		{393E3683-3875-44D8-97EE-DAAF5DB98F3D}.Debug_M52294A|Any CPU.ActiveCfg = Debug|Any CPU
		{393E3683-3875-44D8-97EE-DAAF5DB98F3D}.Debug_M52294A|Any CPU.Build.0 = Debug|Any CPU
		{393E3683-3875-44D8-97EE-DAAF5DB98F3D}.Debug|Any CPU.ActiveCfg = Debug|Any CPU
		{393E3683-3875-44D8-97EE-DAAF5DB98F3D}.Debug|Any CPU.Build.0 = Debug|Any CPU
		{393E3683-3875-44D8-97EE-DAAF5DB98F3D}.Release_E52294A|Any CPU.ActiveCfg = Release|Any CPU
		{393E3683-3875-44D8-97EE-DAAF5DB98F3D}.Release_E52294A|Any CPU.Build.0 = Release|Any CPU
		{393E3683-3875-44D8-97EE-DAAF5DB98F3D}.Release_M52294A|Any CPU.ActiveCfg = Release|Any CPU
		{393E3683-3875-44D8-97EE-DAAF5DB98F3D}.Release_M52294A|Any CPU.Build.0 = Release|Any CPU
		{393E3683-3875-44D8-97EE-DAAF5DB98F3D}.Release|Any CPU.ActiveCfg = Release|Any CPU
		{393E3683-3875-44D8-97EE-DAAF5DB98F3D}.Release|Any CPU.Build.0 = Release|Any CPU
		{1B301412-682A-4C70-BD38-3E81EF79347D}.Debug_E52294A|Any CPU.ActiveCfg = Debug|Any CPU
		{1B301412-682A-4C70-BD38-3E81EF79347D}.Debug_E52294A|Any CPU.Build.0 = Debug|Any CPU
		{1B301412-682A-4C70-BD38-3E81EF79347D}.Debug_M52294A|Any CPU.ActiveCfg = Debug|Any CPU
		{1B301412-682A-4C70-BD38-3E81EF79347D}.Debug_M52294A|Any CPU.Build.0 = Debug|Any CPU
		{1B301412-682A-4C70-BD38-3E81EF79347D}.Debug|Any CPU.ActiveCfg = Debug|Any CPU
		{1B301412-682A-4C70-BD38-3E81EF79347D}.Debug|Any CPU.Build.0 = Debug|Any CPU
		{1B301412-682A-4C70-BD38-3E81EF79347D}.Release_E52294A|Any CPU.ActiveCfg = Release|Any CPU
		{1B301412-682A-4C70-BD38-3E81EF79347D}.Release_E52294A|Any CPU.Build.0 = Release|Any CPU
		{1B301412-682A-4C70-BD38-3E81EF79347D}.Release_M52294A|Any CPU.ActiveCfg = Release|Any CPU
		{1B301412-682A-4C70-BD38-3E81EF79347D}.Release_M52294A|Any CPU.Build.0 = Release|Any CPU
		{1B301412-682A-4C70-BD38-3E81EF79347D}.Release|Any CPU.ActiveCfg = Release|Any CPU
		{1B301412-682A-4C70-BD38-3E81EF79347D}.Release|Any CPU.Build.0 = Release|Any CPU
		{B18361B8-EC2F-49C5-9C18-D9834E71E451}.Debug_E52294A|Any CPU.ActiveCfg = Debug|Any CPU
		{B18361B8-EC2F-49C5-9C18-D9834E71E451}.Debug_E52294A|Any CPU.Build.0 = Debug|Any CPU
		{B18361B8-EC2F-49C5-9C18-D9834E71E451}.Debug_M52294A|Any CPU.ActiveCfg = Debug|Any CPU
		{B18361B8-EC2F-49C5-9C18-D9834E71E451}.Debug_M52294A|Any CPU.Build.0 = Debug|Any CPU
		{B18361B8-EC2F-49C5-9C18-D9834E71E451}.Debug|Any CPU.ActiveCfg = Debug|Any CPU
		{B18361B8-EC2F-49C5-9C18-D9834E71E451}.Debug|Any CPU.Build.0 = Debug|Any CPU
		{B18361B8-EC2F-49C5-9C18-D9834E71E451}.Release_E52294A|Any CPU.ActiveCfg = Release|Any CPU
		{B18361B8-EC2F-49C5-9C18-D9834E71E451}.Release_E52294A|Any CPU.Build.0 = Release|Any CPU
		{B18361B8-EC2F-49C5-9C18-D9834E71E451}.Release_M52294A|Any CPU.ActiveCfg = Release|Any CPU
		{B18361B8-EC2F-49C5-9C18-D9834E71E451}.Release_M52294A|Any CPU.Build.0 = Release|Any CPU
		{B18361B8-EC2F-49C5-9C18-D9834E71E451}.Release|Any CPU.ActiveCfg = Release|Any CPU
		{B18361B8-EC2F-49C5-9C18-D9834E71E451}.Release|Any CPU.Build.0 = Release|Any CPU
	EndGlobalSection
	GlobalSection(SolutionProperties) = preSolution
		HideSolutionNode = FALSE
	EndGlobalSection
EndGlobal
