Microsoft Visual Studio Solution File, Format Version 12.00
# Visual Studio Express 2013 for Windows Desktop
VisualStudioVersion = 12.0.40629.0
MinimumVisualStudioVersion = 10.0.40219.1
Project("{FAE04EC0-301F-11D3-BF4B-00C04F79EFBC}") = "52295_CAN_Tool", "52295_CAN_Tool\52295_CAN_Tool.csproj", "{6D58D02C-377A-4C51-8508-8C2E09D41ADF}"
EndProject
Project("{FAE04EC0-301F-11D3-BF4B-00C04F79EFBC}") = "52295_EEPROM_Tool", "52295_EEPROM_Tool\52295_EEPROM_Tool.csproj", "{55855CEC-131F-43A6-8AA9-94649F63B66E}"
EndProject
Project("{FAE04EC0-301F-11D3-BF4B-00C04F79EFBC}") = "Can_Comm_Lib", "Can_Comm_Lib\Can_Comm_Lib.csproj", "{5C7DCA16-15D5-4102-81F2-B223D21AD740}"
EndProject
Project("{FAE04EC0-301F-11D3-BF4B-00C04F79EFBC}") = "Device_52295_Lib", "Device_52295_Lib\Device_52295_Lib.csproj", "{5684B9E2-49EB-4272-BE0A-F80B3FC5701F}"
EndProject
Project("{FAE04EC0-301F-11D3-BF4B-00C04F79EFBC}") = "PCANBasic_NET", "PCANBasic_NET\PCANBasic_NET.csproj", "{C298951B-2BD1-4374-B192-656AF5DAEDAD}"
EndProject
Global
	GlobalSection(SolutionConfigurationPlatforms) = preSolution
		Debug_E52295A|Any CPU = Debug_E52295A|Any CPU
		Debug_M52295A|Any CPU = Debug_M52295A|Any CPU
		Debug|Any CPU = Debug|Any CPU
		Release_E52295A|Any CPU = Release_E52295A|Any CPU
		Release_M52295A|Any CPU = Release_M52295A|Any CPU
		Release|Any CPU = Release|Any CPU
	EndGlobalSection
	GlobalSection(ProjectConfigurationPlatforms) = postSolution
		{6D58D02C-377A-4C51-8508-8C2E09D41ADF}.Debug_E52295A|Any CPU.ActiveCfg = Debug_E52295A|Any CPU
		{6D58D02C-377A-4C51-8508-8C2E09D41ADF}.Debug_E52295A|Any CPU.Build.0 = Debug_E52295A|Any CPU
		{6D58D02C-377A-4C51-8508-8C2E09D41ADF}.Debug_M52295A|Any CPU.ActiveCfg = Debug_M52295A|Any CPU
		{6D58D02C-377A-4C51-8508-8C2E09D41ADF}.Debug_M52295A|Any CPU.Build.0 = Debug_M52295A|Any CPU
		{6D58D02C-377A-4C51-8508-8C2E09D41ADF}.Debug|Any CPU.ActiveCfg = Debug_M52295A|Any CPU
		{6D58D02C-377A-4C51-8508-8C2E09D41ADF}.Debug|Any CPU.Build.0 = Debug_M52295A|Any CPU
		{6D58D02C-377A-4C51-8508-8C2E09D41ADF}.Release_E52295A|Any CPU.ActiveCfg = Release_E52295A|Any CPU
		{6D58D02C-377A-4C51-8508-8C2E09D41ADF}.Release_E52295A|Any CPU.Build.0 = Release_E52295A|Any CPU
		{6D58D02C-377A-4C51-8508-8C2E09D41ADF}.Release_M52295A|Any CPU.ActiveCfg = Release_M52295A|Any CPU
		{6D58D02C-377A-4C51-8508-8C2E09D41ADF}.Release_M52295A|Any CPU.Build.0 = Release_M52295A|Any CPU
		{6D58D02C-377A-4C51-8508-8C2E09D41ADF}.Release|Any CPU.ActiveCfg = Release_M52295A|Any CPU
		{6D58D02C-377A-4C51-8508-8C2E09D41ADF}.Release|Any CPU.Build.0 = Release_M52295A|Any CPU
		{55855CEC-131F-43A6-8AA9-94649F63B66E}.Debug_E52295A|Any CPU.ActiveCfg = Debug_E52295A|Any CPU
		{55855CEC-131F-43A6-8AA9-94649F63B66E}.Debug_E52295A|Any CPU.Build.0 = Debug_E52295A|Any CPU
		{55855CEC-131F-43A6-8AA9-94649F63B66E}.Debug_M52295A|Any CPU.ActiveCfg = Debug_M52295A|Any CPU
		{55855CEC-131F-43A6-8AA9-94649F63B66E}.Debug_M52295A|Any CPU.Build.0 = Debug_M52295A|Any CPU
		{55855CEC-131F-43A6-8AA9-94649F63B66E}.Debug|Any CPU.ActiveCfg = Debug_M52295A|Any CPU
		{55855CEC-131F-43A6-8AA9-94649F63B66E}.Debug|Any CPU.Build.0 = Debug_M52295A|Any CPU
		{55855CEC-131F-43A6-8AA9-94649F63B66E}.Release_E52295A|Any CPU.ActiveCfg = Release_E52295A|Any CPU
		{55855CEC-131F-43A6-8AA9-94649F63B66E}.Release_E52295A|Any CPU.Build.0 = Release_E52295A|Any CPU
		{55855CEC-131F-43A6-8AA9-94649F63B66E}.Release_M52295A|Any CPU.ActiveCfg = Release_M52295A|Any CPU
		{55855CEC-131F-43A6-8AA9-94649F63B66E}.Release_M52295A|Any CPU.Build.0 = Release_M52295A|Any CPU
		{55855CEC-131F-43A6-8AA9-94649F63B66E}.Release|Any CPU.ActiveCfg = Release_M52295A|Any CPU
		{55855CEC-131F-43A6-8AA9-94649F63B66E}.Release|Any CPU.Build.0 = Release_M52295A|Any CPU
		{5C7DCA16-15D5-4102-81F2-B223D21AD740}.Debug_E52295A|Any CPU.ActiveCfg = Debug|Any CPU
		{5C7DCA16-15D5-4102-81F2-B223D21AD740}.Debug_E52295A|Any CPU.Build.0 = Debug|Any CPU
		{5C7DCA16-15D5-4102-81F2-B223D21AD740}.Debug_M52295A|Any CPU.ActiveCfg = Debug|Any CPU
		{5C7DCA16-15D5-4102-81F2-B223D21AD740}.Debug_M52295A|Any CPU.Build.0 = Debug|Any CPU
		{5C7DCA16-15D5-4102-81F2-B223D21AD740}.Debug|Any CPU.ActiveCfg = Debug|Any CPU
		{5C7DCA16-15D5-4102-81F2-B223D21AD740}.Debug|Any CPU.Build.0 = Debug|Any CPU
		{5C7DCA16-15D5-4102-81F2-B223D21AD740}.Release_E52295A|Any CPU.ActiveCfg = Release|Any CPU
		{5C7DCA16-15D5-4102-81F2-B223D21AD740}.Release_E52295A|Any CPU.Build.0 = Release|Any CPU
		{5C7DCA16-15D5-4102-81F2-B223D21AD740}.Release_M52295A|Any CPU.ActiveCfg = Release|Any CPU
		{5C7DCA16-15D5-4102-81F2-B223D21AD740}.Release_M52295A|Any CPU.Build.0 = Release|Any CPU
		{5C7DCA16-15D5-4102-81F2-B223D21AD740}.Release|Any CPU.ActiveCfg = Release|Any CPU
		{5C7DCA16-15D5-4102-81F2-B223D21AD740}.Release|Any CPU.Build.0 = Release|Any CPU
		{5684B9E2-49EB-4272-BE0A-F80B3FC5701F}.Debug_E52295A|Any CPU.ActiveCfg = Debug|Any CPU
		{5684B9E2-49EB-4272-BE0A-F80B3FC5701F}.Debug_E52295A|Any CPU.Build.0 = Debug|Any CPU
		{5684B9E2-49EB-4272-BE0A-F80B3FC5701F}.Debug_M52295A|Any CPU.ActiveCfg = Debug|Any CPU
		{5684B9E2-49EB-4272-BE0A-F80B3FC5701F}.Debug_M52295A|Any CPU.Build.0 = Debug|Any CPU
		{5684B9E2-49EB-4272-BE0A-F80B3FC5701F}.Debug|Any CPU.ActiveCfg = Debug|Any CPU
		{5684B9E2-49EB-4272-BE0A-F80B3FC5701F}.Debug|Any CPU.Build.0 = Debug|Any CPU
		{5684B9E2-49EB-4272-BE0A-F80B3FC5701F}.Release_E52295A|Any CPU.ActiveCfg = Release|Any CPU
		{5684B9E2-49EB-4272-BE0A-F80B3FC5701F}.Release_E52295A|Any CPU.Build.0 = Release|Any CPU
		{5684B9E2-49EB-4272-BE0A-F80B3FC5701F}.Release_M52295A|Any CPU.ActiveCfg = Release|Any CPU
		{5684B9E2-49EB-4272-BE0A-F80B3FC5701F}.Release_M52295A|Any CPU.Build.0 = Release|Any CPU
		{5684B9E2-49EB-4272-BE0A-F80B3FC5701F}.Release|Any CPU.ActiveCfg = Release|Any CPU
		{5684B9E2-49EB-4272-BE0A-F80B3FC5701F}.Release|Any CPU.Build.0 = Release|Any CPU
		{C298951B-2BD1-4374-B192-656AF5DAEDAD}.Debug_E52295A|Any CPU.ActiveCfg = Debug|Any CPU
		{C298951B-2BD1-4374-B192-656AF5DAEDAD}.Debug_E52295A|Any CPU.Build.0 = Debug|Any CPU
		{C298951B-2BD1-4374-B192-656AF5DAEDAD}.Debug_M52295A|Any CPU.ActiveCfg = Debug|Any CPU
		{C298951B-2BD1-4374-B192-656AF5DAEDAD}.Debug_M52295A|Any CPU.Build.0 = Debug|Any CPU
		{C298951B-2BD1-4374-B192-656AF5DAEDAD}.Debug|Any CPU.ActiveCfg = Debug|Any CPU
		{C298951B-2BD1-4374-B192-656AF5DAEDAD}.Debug|Any CPU.Build.0 = Debug|Any CPU
		{C298951B-2BD1-4374-B192-656AF5DAEDAD}.Release_E52295A|Any CPU.ActiveCfg = Release|Any CPU
		{C298951B-2BD1-4374-B192-656AF5DAEDAD}.Release_E52295A|Any CPU.Build.0 = Release|Any CPU
		{C298951B-2BD1-4374-B192-656AF5DAEDAD}.Release_M52295A|Any CPU.ActiveCfg = Release|Any CPU
		{C298951B-2BD1-4374-B192-656AF5DAEDAD}.Release_M52295A|Any CPU.Build.0 = Release|Any CPU
		{C298951B-2BD1-4374-B192-656AF5DAEDAD}.Release|Any CPU.ActiveCfg = Release|Any CPU
		{C298951B-2BD1-4374-B192-656AF5DAEDAD}.Release|Any CPU.Build.0 = Release|Any CPU
	EndGlobalSection
	GlobalSection(SolutionProperties) = preSolution
		HideSolutionNode = FALSE
	EndGlobalSection
EndGlobal
