
Microsoft Visual Studio Solution File, Format Version 12.00
# Visual Studio Version 17
VisualStudioVersion = 17.5.002.0
MinimumVisualStudioVersion = 10.0.40219.1
Project("{9A19103F-16F7-4668-BE54-9A1E7A4F7556}") = "52294_Param_Tool", "52294_Param_Tool.csproj", "{78FC8374-28C1-4482-9310-527CDC97B740}"
EndProject
Global
	GlobalSection(SolutionConfigurationPlatforms) = preSolution
		Debug|Any CPU = Debug|Any CPU
		Release|Any CPU = Release|Any CPU
	EndGlobalSection
	GlobalSection(ProjectConfigurationPlatforms) = postSolution
		{78FC8374-28C1-4482-9310-527CDC97B740}.Debug|Any CPU.ActiveCfg = Debug|Any CPU
		{78FC8374-28C1-4482-9310-527CDC97B740}.Debug|Any CPU.Build.0 = Debug|Any CPU
		{78FC8374-28C1-4482-9310-527CDC97B740}.Release|Any CPU.ActiveCfg = Release|Any CPU
		{78FC8374-28C1-4482-9310-527CDC97B740}.Release|Any CPU.Build.0 = Release|Any CPU
	EndGlobalSection
	GlobalSection(SolutionProperties) = preSolution
		HideSolutionNode = FALSE
	EndGlobalSection
	GlobalSection(ExtensibilityGlobals) = postSolution
		SolutionGuid = {A7563767-E355-482F-BE91-D2801D5E3D59}
	EndGlobalSection
EndGlobal
